// !$*UTF8*$!
{
	archiveVersion = 1;
	classes = {
	};
	objectVersion = 46;
	objects = {

/* Begin PBXBuildFile section */
		18BDD7B11B2C8D1F001EAEDA /* AppDelegate.swift in Sources */ = {isa = PBXBuildFile; fileRef = 18BDD7B01B2C8D1F001EAEDA /* AppDelegate.swift */; };
		18BDD7B31B2C8D1F001EAEDA /* ViewController.swift in Sources */ = {isa = PBXBuildFile; fileRef = 18BDD7B21B2C8D1F001EAEDA /* ViewController.swift */; };
		18BDD7B61B2C8D1F001EAEDA /* Main.storyboard in Resources */ = {isa = PBXBuildFile; fileRef = 18BDD7B41B2C8D1F001EAEDA /* Main.storyboard */; };
		18BDD7B81B2C8D1F001EAEDA /* Images.xcassets in Resources */ = {isa = PBXBuildFile; fileRef = 18BDD7B71B2C8D1F001EAEDA /* Images.xcassets */; };
		18BDD7BB1B2C8D1F001EAEDA /* LaunchScreen.xib in Resources */ = {isa = PBXBuildFile; fileRef = 18BDD7B91B2C8D1F001EAEDA /* LaunchScreen.xib */; };
		18BDD7C71B2C8D1F001EAEDA /* AudioTests.swift in Sources */ = {isa = PBXBuildFile; fileRef = 18BDD7C61B2C8D1F001EAEDA /* AudioTests.swift */; };
		18BDD7D11B2C8D4E001EAEDA /* 001_Fatiha.mp3 in Resources */ = {isa = PBXBuildFile; fileRef = 18BDD7D01B2C8D4E001EAEDA /* 001_Fatiha.mp3 */; };
/* End PBXBuildFile section */

/* Begin PBXContainerItemProxy section */
		18BDD7C11B2C8D1F001EAEDA /* PBXContainerItemProxy */ = {
			isa = PBXContainerItemProxy;
			containerPortal = 18BDD7A31B2C8D1E001EAEDA /* Project object */;
			proxyType = 1;
			remoteGlobalIDString = 18BDD7AA1B2C8D1E001EAEDA;
			remoteInfo = Audio;
		};
/* End PBXContainerItemProxy section */

/* Begin PBXFileReference section */
		18BDD7AB1B2C8D1F001EAEDA /* Audio.app */ = {isa = PBXFileReference; explicitFileType = wrapper.application; includeInIndex = 0; path = Audio.app; sourceTree = BUILT_PRODUCTS_DIR; };
		18BDD7AF1B2C8D1F001EAEDA /* Info.plist */ = {isa = PBXFileReference; lastKnownFileType = text.plist.xml; path = Info.plist; sourceTree = "<group>"; };
		18BDD7B01B2C8D1F001EAEDA /* AppDelegate.swift */ = {isa = PBXFileReference; lastKnownFileType = sourcecode.swift; path = AppDelegate.swift; sourceTree = "<group>"; };
		18BDD7B21B2C8D1F001EAEDA /* ViewController.swift */ = {isa = PBXFileReference; lastKnownFileType = sourcecode.swift; path = ViewController.swift; sourceTree = "<group>"; };
		18BDD7B51B2C8D1F001EAEDA /* Base */ = {isa = PBXFileReference; lastKnownFileType = file.storyboard; name = Base; path = Base.lproj/Main.storyboard; sourceTree = "<group>"; };
		18BDD7B71B2C8D1F001EAEDA /* Images.xcassets */ = {isa = PBXFileReference; lastKnownFileType = folder.assetcatalog; path = Images.xcassets; sourceTree = "<group>"; };
		18BDD7BA1B2C8D1F001EAEDA /* Base */ = {isa = PBXFileReference; lastKnownFileType = file.xib; name = Base; path = Base.lproj/LaunchScreen.xib; sourceTree = "<group>"; };
		18BDD7C01B2C8D1F001EAEDA /* AudioTests.xctest */ = {isa = PBXFileReference; explicitFileType = wrapper.cfbundle; includeInIndex = 0; path = AudioTests.xctest; sourceTree = BUILT_PRODUCTS_DIR; };
		18BDD7C51B2C8D1F001EAEDA /* Info.plist */ = {isa = PBXFileReference; lastKnownFileType = text.plist.xml; path = Info.plist; sourceTree = "<group>"; };
		18BDD7C61B2C8D1F001EAEDA /* AudioTests.swift */ = {isa = PBXFileReference; lastKnownFileType = sourcecode.swift; path = AudioTests.swift; sourceTree = "<group>"; };
		18BDD7D01B2C8D4E001EAEDA /* 001_Fatiha.mp3 */ = {isa = PBXFileReference; lastKnownFileType = audio.mp3; path = 001_Fatiha.mp3; sourceTree = "<group>"; };
/* End PBXFileReference section */

/* Begin PBXFrameworksBuildPhase section */
		18BDD7A81B2C8D1E001EAEDA /* Frameworks */ = {
			isa = PBXFrameworksBuildPhase;
			buildActionMask = 2147483647;
			files = (
			);
			runOnlyForDeploymentPostprocessing = 0;
		};
		18BDD7BD1B2C8D1F001EAEDA /* Frameworks */ = {
			isa = PBXFrameworksBuildPhase;
			buildActionMask = 2147483647;
			files = (
			);
			runOnlyForDeploymentPostprocessing = 0;
		};
/* End PBXFrameworksBuildPhase section */

/* Begin PBXGroup section */
		18BDD7A21B2C8D1E001EAEDA = {
			isa = PBXGroup;
			children = (
				18BDD7AD1B2C8D1F001EAEDA /* Audio */,
				18BDD7C31B2C8D1F001EAEDA /* AudioTests */,
				18BDD7AC1B2C8D1F001EAEDA /* Products */,
			);
			sourceTree = "<group>";
		};
		18BDD7AC1B2C8D1F001EAEDA /* Products */ = {
			isa = PBXGroup;
			children = (
				18BDD7AB1B2C8D1F001EAEDA /* Audio.app */,
				18BDD7C01B2C8D1F001EAEDA /* AudioTests.xctest */,
			);
			name = Products;
			sourceTree = "<group>";
		};
		18BDD7AD1B2C8D1F001EAEDA /* Audio */ = {
			isa = PBXGroup;
			children = (
				18BDD7B01B2C8D1F001EAEDA /* AppDelegate.swift */,
				18BDD7B21B2C8D1F001EAEDA /* ViewController.swift */,
				18BDD7D01B2C8D4E001EAEDA /* 001_Fatiha.mp3 */,
				18BDD7B41B2C8D1F001EAEDA /* Main.storyboard */,
				18BDD7B71B2C8D1F001EAEDA /* Images.xcassets */,
				18BDD7B91B2C8D1F001EAEDA /* LaunchScreen.xib */,
				18BDD7AE1B2C8D1F001EAEDA /* Supporting Files */,
			);
			path = Audio;
			sourceTree = "<group>";
		};
		18BDD7AE1B2C8D1F001EAEDA /* Supporting Files */ = {
			isa = PBXGroup;
			children = (
				18BDD7AF1B2C8D1F001EAEDA /* Info.plist */,
			);
			name = "Supporting Files";
			sourceTree = "<group>";
		};
		18BDD7C31B2C8D1F001EAEDA /* AudioTests */ = {
			isa = PBXGroup;
			children = (
				18BDD7C61B2C8D1F001EAEDA /* AudioTests.swift */,
				18BDD7C41B2C8D1F001EAEDA /* Supporting Files */,
			);
			path = AudioTests;
			sourceTree = "<group>";
		};
		18BDD7C41B2C8D1F001EAEDA /* Supporting Files */ = {
			isa = PBXGroup;
			children = (
				18BDD7C51B2C8D1F001EAEDA /* Info.plist */,
			);
			name = "Supporting Files";
			sourceTree = "<group>";
		};
/* End PBXGroup section */

/* Begin PBXNativeTarget section */
		18BDD7AA1B2C8D1E001EAEDA /* Audio */ = {
			isa = PBXNativeTarget;
			buildConfigurationList = 18BDD7CA1B2C8D1F001EAEDA /* Build configuration list for PBXNativeTarget "Audio" */;
			buildPhases = (
				18BDD7A71B2C8D1E001EAEDA /* Sources */,
				18BDD7A81B2C8D1E001EAEDA /* Frameworks */,
				18BDD7A91B2C8D1E001EAEDA /* Resources */,
			);
			buildRules = (
			);
			dependencies = (
			);
			name = Audio;
			productName = Audio;
			productReference = 18BDD7AB1B2C8D1F001EAEDA /* Audio.app */;
			productType = "com.apple.product-type.application";
		};
		18BDD7BF1B2C8D1F001EAEDA /* AudioTests */ = {
			isa = PBXNativeTarget;
			buildConfigurationList = 18BDD7CD1B2C8D1F001EAEDA /* Build configuration list for PBXNativeTarget "AudioTests" */;
			buildPhases = (
				18BDD7BC1B2C8D1F001EAEDA /* Sources */,
				18BDD7BD1B2C8D1F001EAEDA /* Frameworks */,
				18BDD7BE1B2C8D1F001EAEDA /* Resources */,
			);
			buildRules = (
			);
			dependencies = (
				18BDD7C21B2C8D1F001EAEDA /* PBXTargetDependency */,
			);
			name = AudioTests;
			productName = AudioTests;
			productReference = 18BDD7C01B2C8D1F001EAEDA /* AudioTests.xctest */;
			productType = "com.apple.product-type.bundle.unit-test";
		};
/* End PBXNativeTarget section */

/* Begin PBXProject section */
		18BDD7A31B2C8D1E001EAEDA /* Project object */ = {
			isa = PBXProject;
			attributes = {
				LastUpgradeCheck = 0630;
				ORGANIZATIONNAME = Zia_Ahmed;
				TargetAttributes = {
					18BDD7AA1B2C8D1E001EAEDA = {
						CreatedOnToolsVersion = 6.3.2;
					};
					18BDD7BF1B2C8D1F001EAEDA = {
						CreatedOnToolsVersion = 6.3.2;
						TestTargetID = 18BDD7AA1B2C8D1E001EAEDA;
					};
				};
			};
			buildConfigurationList = 18BDD7A61B2C8D1E001EAEDA /* Build configuration list for PBXProject "Audio" */;
			compatibilityVersion = "Xcode 3.2";
			developmentRegion = English;
			hasScannedForEncodings = 0;
			knownRegions = (
				en,
				Base,
			);
			mainGroup = 18BDD7A21B2C8D1E001EAEDA;
			productRefGroup = 18BDD7AC1B2C8D1F001EAEDA /* Products */;
			projectDirPath = "";
			projectRoot = "";
			targets = (
				18BDD7AA1B2C8D1E001EAEDA /* Audio */,
				18BDD7BF1B2C8D1F001EAEDA /* AudioTests */,
			);
		};
/* End PBXProject section */

/* Begin PBXResourcesBuildPhase section */
		18BDD7A91B2C8D1E001EAEDA /* Resources */ = {
			isa = PBXResourcesBuildPhase;
			buildActionMask = 2147483647;
			files = (
				18BDD7B61B2C8D1F001EAEDA /* Main.storyboard in Resources */,
				18BDD7D11B2C8D4E001EAEDA /* 001_Fatiha.mp3 in Resources */,
				18BDD7BB1B2C8D1F001EAEDA /* LaunchScreen.xib in Resources */,
				18BDD7B81B2C8D1F001EAEDA /* Images.xcassets in Resources */,
			);
			runOnlyForDeploymentPostprocessing = 0;
		};
		18BDD7BE1B2C8D1F001EAEDA /* Resources */ = {
			isa = PBXResourcesBuildPhase;
			buildActionMask = 2147483647;
			files = (
			);
			runOnlyForDeploymentPostprocessing = 0;
		};
/* End PBXResourcesBuildPhase section */

/* Begin PBXSourcesBuildPhase section */
		18BDD7A71B2C8D1E001EAEDA /* Sources */ = {
			isa = PBXSourcesBuildPhase;
			buildActionMask = 2147483647;
			files = (
				18BDD7B31B2C8D1F001EAEDA /* ViewController.swift in Sources */,
				18BDD7B11B2C8D1F001EAEDA /* AppDelegate.swift in Sources */,
			);
			runOnlyForDeploymentPostprocessing = 0;
		};
		18BDD7BC1B2C8D1F001EAEDA /* Sources */ = {
			isa = PBXSourcesBuildPhase;
			buildActionMask = 2147483647;
			files = (
				18BDD7C71B2C8D1F001EAEDA /* AudioTests.swift in Sources */,
			);
			runOnlyForDeploymentPostprocessing = 0;
		};
/* End PBXSourcesBuildPhase section */

/* Begin PBXTargetDependency section */
		18BDD7C21B2C8D1F001EAEDA /* PBXTargetDependency */ = {
			isa = PBXTargetDependency;
			target = 18BDD7AA1B2C8D1E001EAEDA /* Audio */;
			targetProxy = 18BDD7C11B2C8D1F001EAEDA /* PBXContainerItemProxy */;
		};
/* End PBXTargetDependency section */

/* Begin PBXVariantGroup section */
		18BDD7B41B2C8D1F001EAEDA /* Main.storyboard */ = {
			isa = PBXVariantGroup;
			children = (
				18BDD7B51B2C8D1F001EAEDA /* Base */,
			);
			name = Main.storyboard;
			sourceTree = "<group>";
		};
		18BDD7B91B2C8D1F001EAEDA /* LaunchScreen.xib */ = {
			isa = PBXVariantGroup;
			children = (
				18BDD7BA1B2C8D1F001EAEDA /* Base */,
			);
			name = LaunchScreen.xib;
			sourceTree = "<group>";
		};
/* End PBXVariantGroup section */

/* Begin XCBuildConfiguration section */
		18BDD7C81B2C8D1F001EAEDA /* Debug */ = {
			isa = XCBuildConfiguration;
			buildSettings = {
				ALWAYS_SEARCH_USER_PATHS = NO;
				CLANG_CXX_LANGUAGE_STANDARD = "gnu++0x";
				CLANG_CXX_LIBRARY = "libc++";
				CLANG_ENABLE_MODULES = YES;
				CLANG_ENABLE_OBJC_ARC = YES;
				CLANG_WARN_BOOL_CONVERSION = YES;
				CLANG_WARN_CONSTANT_CONVERSION = YES;
				CLANG_WARN_DIRECT_OBJC_ISA_USAGE = YES_ERROR;
				CLANG_WARN_EMPTY_BODY = YES;
				CLANG_WARN_ENUM_CONVERSION = YES;
				CLANG_WARN_INT_CONVERSION = YES;
				CLANG_WARN_OBJC_ROOT_CLASS = YES_ERROR;
				CLANG_WARN_UNREACHABLE_CODE = YES;
				CLANG_WARN__DUPLICATE_METHOD_MATCH = YES;
				"CODE_SIGN_IDENTITY[sdk=iphoneos*]" = "iPhone Developer";
				COPY_PHASE_STRIP = NO;
				DEBUG_INFORMATION_FORMAT = "dwarf-with-dsym";
				ENABLE_STRICT_OBJC_MSGSEND = YES;
				GCC_C_LANGUAGE_STANDARD = gnu99;
				GCC_DYNAMIC_NO_PIC = NO;
				GCC_NO_COMMON_BLOCKS = YES;
				GCC_OPTIMIZATION_LEVEL = 0;
				GCC_PREPROCESSOR_DEFINITIONS = (
					"DEBUG=1",
					"$(inherited)",
				);
				GCC_SYMBOLS_PRIVATE_EXTERN = NO;
				GCC_WARN_64_TO_32_BIT_CONVERSION = YES;
				GCC_WARN_ABOUT_RETURN_TYPE = YES_ERROR;
				GCC_WARN_UNDECLARED_SELECTOR = YES;
				GCC_WARN_UNINITIALIZED_AUTOS = YES_AGGRESSIVE;
				GCC_WARN_UNUSED_FUNCTION = YES;
				GCC_WARN_UNUSED_VARIABLE = YES;
				IPHONEOS_DEPLOYMENT_TARGET = 8.3;
				MTL_ENABLE_DEBUG_INFO = YES;
				ONLY_ACTIVE_ARCH = YES;
				SDKROOT = iphoneos;
				SWIFT_OPTIMIZATION_LEVEL = "-Onone";
			};
			name = Debug;
		};
		18BDD7C91B2C8D1F001EAEDA /* Release */ = {
			isa = XCBuildConfiguration;
			buildSettings = {
				ALWAYS_SEARCH_USER_PATHS = NO;
				CLANG_CXX_LANGUAGE_STANDARD = "gnu++0x";
				CLANG_CXX_LIBRARY = "libc++";
				CLANG_ENABLE_MODULES = YES;
				CLANG_ENABLE_OBJC_ARC = YES;
				CLANG_WARN_BOOL_CONVERSION = YES;
				CLANG_WARN_CONSTANT_CONVERSION = YES;
				CLANG_WARN_DIRECT_OBJC_ISA_USAGE = YES_ERROR;
				CLANG_WARN_EMPTY_BODY = YES;
				CLANG_WARN_ENUM_CONVERSION = YES;
				CLANG_WARN_INT_CONVERSION = YES;
				CLANG_WARN_OBJC_ROOT_CLASS = YES_ERROR;
				CLANG_WARN_UNREACHABLE_CODE = YES;
				CLANG_WARN__DUPLICATE_METHOD_MATCH = YES;
				"CODE_SIGN_IDENTITY[sdk=iphoneos*]" = "iPhone Developer";
				COPY_PHASE_STRIP = NO;
				DEBUG_INFORMATION_FORMAT = "dwarf-with-dsym";
				ENABLE_NS_ASSERTIONS = NO;
				ENABLE_STRICT_OBJC_MSGSEND = YES;
				GCC_C_LANGUAGE_STANDARD = gnu99;
				GCC_NO_COMMON_BLOCKS = YES;
				GCC_WARN_64_TO_32_BIT_CONVERSION = YES;
				GCC_WARN_ABOUT_RETURN_TYPE = YES_ERROR;
				GCC_WARN_UNDECLARED_SELECTOR = YES;
				GCC_WARN_UNINITIALIZED_AUTOS = YES_AGGRESSIVE;
				GCC_WARN_UNUSED_FUNCTION = YES;
				GCC_WARN_UNUSED_VARIABLE = YES;
				IPHONEOS_DEPLOYMENT_TARGET = 8.3;
				MTL_ENABLE_DEBUG_INFO = NO;
				SDKROOT = iphoneos;
				VALIDATE_PRODUCT = YES;
			};
			name = Release;
		};
		18BDD7CB1B2C8D1F001EAEDA /* Debug */ = {
			isa = XCBuildConfiguration;
			buildSettings = {
				ASSETCATALOG_COMPILER_APPICON_NAME = AppIcon;
				INFOPLIST_FILE = Audio/Info.plist;
				LD_RUNPATH_SEARCH_PATHS = "$(inherited) @executable_path/Frameworks";
				PRODUCT_NAME = "$(TARGET_NAME)";
			};
			name = Debug;
		};
		18BDD7CC1B2C8D1F001EAEDA /* Release */ = {
			isa = XCBuildConfiguration;
			buildSettings = {
				ASSETCATALOG_COMPILER_APPICON_NAME = AppIcon;
				INFOPLIST_FILE = Audio/Info.plist;
				LD_RUNPATH_SEARCH_PATHS = "$(inherited) @executable_path/Frameworks";
				PRODUCT_NAME = "$(TARGET_NAME)";
			};
			name = Release;
		};
		18BDD7CE1B2C8D1F001EAEDA /* Debug */ = {
			isa = XCBuildConfiguration;
			buildSettings = {
				BUNDLE_LOADER = "$(TEST_HOST)";
				FRAMEWORK_SEARCH_PATHS = (
					"$(SDKROOT)/Developer/Library/Frameworks",
					"$(inherited)",
				);
				GCC_PREPROCESSOR_DEFINITIONS = (
					"DEBUG=1",
					"$(inherited)",
				);
				INFOPLIST_FILE = AudioTests/Info.plist;
				LD_RUNPATH_SEARCH_PATHS = "$(inherited) @executable_path/Frameworks @loader_path/Frameworks";
				PRODUCT_NAME = "$(TARGET_NAME)";
				TEST_HOST = "$(BUILT_PRODUCTS_DIR)/Audio.app/Audio";
			};
			name = Debug;
		};
		18BDD7CF1B2C8D1F001EAEDA /* Release */ = {
			isa = XCBuildConfiguration;
			buildSettings = {
				BUNDLE_LOADER = "$(TEST_HOST)";
				FRAMEWORK_SEARCH_PATHS = (
					"$(SDKROOT)/Developer/Library/Frameworks",
					"$(inherited)",
				);
				INFOPLIST_FILE = AudioTests/Info.plist;
				LD_RUNPATH_SEARCH_PATHS = "$(inherited) @executable_path/Frameworks @loader_path/Frameworks";
				PRODUCT_NAME = "$(TARGET_NAME)";
				TEST_HOST = "$(BUILT_PRODUCTS_DIR)/Audio.app/Audio";
			};
			name = Release;
		};
/* End XCBuildConfiguration section */

/* Begin XCConfigurationList section */
		18BDD7A61B2C8D1E001EAEDA /* Build configuration list for PBXProject "Audio" */ = {
			isa = XCConfigurationList;
			buildConfigurations = (
				18BDD7C81B2C8D1F001EAEDA /* Debug */,
				18BDD7C91B2C8D1F001EAEDA /* Release */,
			);
			defaultConfigurationIsVisible = 0;
			defaultConfigurationName = Release;
		};
		18BDD7CA1B2C8D1F001EAEDA /* Build configuration list for PBXNativeTarget "Audio" */ = {
			isa = XCConfigurationList;
			buildConfigurations = (
				18BDD7CB1B2C8D1F001EAEDA /* Debug */,
				18BDD7CC1B2C8D1F001EAEDA /* Release */,
			);
			defaultConfigurationIsVisible = 0;
		};
		18BDD7CD1B2C8D1F001EAEDA /* Build configuration list for PBXNativeTarget "AudioTests" */ = {
			isa = XCConfigurationList;
			buildConfigurations = (
				18BDD7CE1B2C8D1F001EAEDA /* Debug */,
				18BDD7CF1B2C8D1F001EAEDA /* Release */,
			);
			defaultConfigurationIsVisible = 0;
		};
/* End XCConfigurationList section */
	};
	rootObject = 18BDD7A31B2C8D1E001EAEDA /* Project object */;
}
