// !$*UTF8*$!
{
	archiveVersion = 1;
	classes = {
	};
	objectVersion = 46;
	objects = {

/* Begin PBXBuildFile section */
		18E8F13A1B2221BC005444F8 /* AppDelegate.swift in Sources */ = {isa = PBXBuildFile; fileRef = 18E8F1391B2221BC005444F8 /* AppDelegate.swift */; };
		18E8F13C1B2221BC005444F8 /* ViewController.swift in Sources */ = {isa = PBXBuildFile; fileRef = 18E8F13B1B2221BC005444F8 /* ViewController.swift */; };
		18E8F13F1B2221BC005444F8 /* Main.storyboard in Resources */ = {isa = PBXBuildFile; fileRef = 18E8F13D1B2221BC005444F8 /* Main.storyboard */; };
		18E8F1411B2221BC005444F8 /* Images.xcassets in Resources */ = {isa = PBXBuildFile; fileRef = 18E8F1401B2221BC005444F8 /* Images.xcassets */; };
		18E8F1441B2221BC005444F8 /* LaunchScreen.xib in Resources */ = {isa = PBXBuildFile; fileRef = 18E8F1421B2221BC005444F8 /* LaunchScreen.xib */; };
		18E8F1501B2221BC005444F8 /* Control_the_KeyboardTests.swift in Sources */ = {isa = PBXBuildFile; fileRef = 18E8F14F1B2221BC005444F8 /* Control_the_KeyboardTests.swift */; };
/* End PBXBuildFile section */

/* Begin PBXContainerItemProxy section */
		18E8F14A1B2221BC005444F8 /* PBXContainerItemProxy */ = {
			isa = PBXContainerItemProxy;
			containerPortal = 18E8F12C1B2221BC005444F8 /* Project object */;
			proxyType = 1;
			remoteGlobalIDString = 18E8F1331B2221BC005444F8;
			remoteInfo = "Control the Keyboard";
		};
/* End PBXContainerItemProxy section */

/* Begin PBXFileReference section */
		18E8F1341B2221BC005444F8 /* Control the Keyboard.app */ = {isa = PBXFileReference; explicitFileType = wrapper.application; includeInIndex = 0; path = "Control the Keyboard.app"; sourceTree = BUILT_PRODUCTS_DIR; };
		18E8F1381B2221BC005444F8 /* Info.plist */ = {isa = PBXFileReference; lastKnownFileType = text.plist.xml; path = Info.plist; sourceTree = "<group>"; };
		18E8F1391B2221BC005444F8 /* AppDelegate.swift */ = {isa = PBXFileReference; lastKnownFileType = sourcecode.swift; path = AppDelegate.swift; sourceTree = "<group>"; };
		18E8F13B1B2221BC005444F8 /* ViewController.swift */ = {isa = PBXFileReference; lastKnownFileType = sourcecode.swift; path = ViewController.swift; sourceTree = "<group>"; };
		18E8F13E1B2221BC005444F8 /* Base */ = {isa = PBXFileReference; lastKnownFileType = file.storyboard; name = Base; path = Base.lproj/Main.storyboard; sourceTree = "<group>"; };
		18E8F1401B2221BC005444F8 /* Images.xcassets */ = {isa = PBXFileReference; lastKnownFileType = folder.assetcatalog; path = Images.xcassets; sourceTree = "<group>"; };
		18E8F1431B2221BC005444F8 /* Base */ = {isa = PBXFileReference; lastKnownFileType = file.xib; name = Base; path = Base.lproj/LaunchScreen.xib; sourceTree = "<group>"; };
		18E8F1491B2221BC005444F8 /* Control the KeyboardTests.xctest */ = {isa = PBXFileReference; explicitFileType = wrapper.cfbundle; includeInIndex = 0; path = "Control the KeyboardTests.xctest"; sourceTree = BUILT_PRODUCTS_DIR; };
		18E8F14E1B2221BC005444F8 /* Info.plist */ = {isa = PBXFileReference; lastKnownFileType = text.plist.xml; path = Info.plist; sourceTree = "<group>"; };
		18E8F14F1B2221BC005444F8 /* Control_the_KeyboardTests.swift */ = {isa = PBXFileReference; lastKnownFileType = sourcecode.swift; path = Control_the_KeyboardTests.swift; sourceTree = "<group>"; };
/* End PBXFileReference section */

/* Begin PBXFrameworksBuildPhase section */
		18E8F1311B2221BC005444F8 /* Frameworks */ = {
			isa = PBXFrameworksBuildPhase;
			buildActionMask = 2147483647;
			files = (
			);
			runOnlyForDeploymentPostprocessing = 0;
		};
		18E8F1461B2221BC005444F8 /* Frameworks */ = {
			isa = PBXFrameworksBuildPhase;
			buildActionMask = 2147483647;
			files = (
			);
			runOnlyForDeploymentPostprocessing = 0;
		};
/* End PBXFrameworksBuildPhase section */

/* Begin PBXGroup section */
		18E8F12B1B2221BC005444F8 = {
			isa = PBXGroup;
			children = (
				18E8F1361B2221BC005444F8 /* Control the Keyboard */,
				18E8F14C1B2221BC005444F8 /* Control the KeyboardTests */,
				18E8F1351B2221BC005444F8 /* Products */,
			);
			sourceTree = "<group>";
		};
		18E8F1351B2221BC005444F8 /* Products */ = {
			isa = PBXGroup;
			children = (
				18E8F1341B2221BC005444F8 /* Control the Keyboard.app */,
				18E8F1491B2221BC005444F8 /* Control the KeyboardTests.xctest */,
			);
			name = Products;
			sourceTree = "<group>";
		};
		18E8F1361B2221BC005444F8 /* Control the Keyboard */ = {
			isa = PBXGroup;
			children = (
				18E8F1391B2221BC005444F8 /* AppDelegate.swift */,
				18E8F13B1B2221BC005444F8 /* ViewController.swift */,
				18E8F13D1B2221BC005444F8 /* Main.storyboard */,
				18E8F1401B2221BC005444F8 /* Images.xcassets */,
				18E8F1421B2221BC005444F8 /* LaunchScreen.xib */,
				18E8F1371B2221BC005444F8 /* Supporting Files */,
			);
			path = "Control the Keyboard";
			sourceTree = "<group>";
		};
		18E8F1371B2221BC005444F8 /* Supporting Files */ = {
			isa = PBXGroup;
			children = (
				18E8F1381B2221BC005444F8 /* Info.plist */,
			);
			name = "Supporting Files";
			sourceTree = "<group>";
		};
		18E8F14C1B2221BC005444F8 /* Control the KeyboardTests */ = {
			isa = PBXGroup;
			children = (
				18E8F14F1B2221BC005444F8 /* Control_the_KeyboardTests.swift */,
				18E8F14D1B2221BC005444F8 /* Supporting Files */,
			);
			path = "Control the KeyboardTests";
			sourceTree = "<group>";
		};
		18E8F14D1B2221BC005444F8 /* Supporting Files */ = {
			isa = PBXGroup;
			children = (
				18E8F14E1B2221BC005444F8 /* Info.plist */,
			);
			name = "Supporting Files";
			sourceTree = "<group>";
		};
/* End PBXGroup section */

/* Begin PBXNativeTarget section */
		18E8F1331B2221BC005444F8 /* Control the Keyboard */ = {
			isa = PBXNativeTarget;
			buildConfigurationList = 18E8F1531B2221BC005444F8 /* Build configuration list for PBXNativeTarget "Control the Keyboard" */;
			buildPhases = (
				18E8F1301B2221BC005444F8 /* Sources */,
				18E8F1311B2221BC005444F8 /* Frameworks */,
				18E8F1321B2221BC005444F8 /* Resources */,
			);
			buildRules = (
			);
			dependencies = (
			);
			name = "Control the Keyboard";
			productName = "Control the Keyboard";
			productReference = 18E8F1341B2221BC005444F8 /* Control the Keyboard.app */;
			productType = "com.apple.product-type.application";
		};
		18E8F1481B2221BC005444F8 /* Control the KeyboardTests */ = {
			isa = PBXNativeTarget;
			buildConfigurationList = 18E8F1561B2221BC005444F8 /* Build configuration list for PBXNativeTarget "Control the KeyboardTests" */;
			buildPhases = (
				18E8F1451B2221BC005444F8 /* Sources */,
				18E8F1461B2221BC005444F8 /* Frameworks */,
				18E8F1471B2221BC005444F8 /* Resources */,
			);
			buildRules = (
			);
			dependencies = (
				18E8F14B1B2221BC005444F8 /* PBXTargetDependency */,
			);
			name = "Control the KeyboardTests";
			productName = "Control the KeyboardTests";
			productReference = 18E8F1491B2221BC005444F8 /* Control the KeyboardTests.xctest */;
			productType = "com.apple.product-type.bundle.unit-test";
		};
/* End PBXNativeTarget section */

/* Begin PBXProject section */
		18E8F12C1B2221BC005444F8 /* Project object */ = {
			isa = PBXProject;
			attributes = {
				LastUpgradeCheck = 0630;
				ORGANIZATIONNAME = Zia_Ahmed;
				TargetAttributes = {
					18E8F1331B2221BC005444F8 = {
						CreatedOnToolsVersion = 6.3.2;
					};
					18E8F1481B2221BC005444F8 = {
						CreatedOnToolsVersion = 6.3.2;
						TestTargetID = 18E8F1331B2221BC005444F8;
					};
				};
			};
			buildConfigurationList = 18E8F12F1B2221BC005444F8 /* Build configuration list for PBXProject "Control the Keyboard" */;
			compatibilityVersion = "Xcode 3.2";
			developmentRegion = English;
			hasScannedForEncodings = 0;
			knownRegions = (
				en,
				Base,
			);
			mainGroup = 18E8F12B1B2221BC005444F8;
			productRefGroup = 18E8F1351B2221BC005444F8 /* Products */;
			projectDirPath = "";
			projectRoot = "";
			targets = (
				18E8F1331B2221BC005444F8 /* Control the Keyboard */,
				18E8F1481B2221BC005444F8 /* Control the KeyboardTests */,
			);
		};
/* End PBXProject section */

/* Begin PBXResourcesBuildPhase section */
		18E8F1321B2221BC005444F8 /* Resources */ = {
			isa = PBXResourcesBuildPhase;
			buildActionMask = 2147483647;
			files = (
				18E8F13F1B2221BC005444F8 /* Main.storyboard in Resources */,
				18E8F1441B2221BC005444F8 /* LaunchScreen.xib in Resources */,
				18E8F1411B2221BC005444F8 /* Images.xcassets in Resources */,
			);
			runOnlyForDeploymentPostprocessing = 0;
		};
		18E8F1471B2221BC005444F8 /* Resources */ = {
			isa = PBXResourcesBuildPhase;
			buildActionMask = 2147483647;
			files = (
			);
			runOnlyForDeploymentPostprocessing = 0;
		};
/* End PBXResourcesBuildPhase section */

/* Begin PBXSourcesBuildPhase section */
		18E8F1301B2221BC005444F8 /* Sources */ = {
			isa = PBXSourcesBuildPhase;
			buildActionMask = 2147483647;
			files = (
				18E8F13C1B2221BC005444F8 /* ViewController.swift in Sources */,
				18E8F13A1B2221BC005444F8 /* AppDelegate.swift in Sources */,
			);
			runOnlyForDeploymentPostprocessing = 0;
		};
		18E8F1451B2221BC005444F8 /* Sources */ = {
			isa = PBXSourcesBuildPhase;
			buildActionMask = 2147483647;
			files = (
				18E8F1501B2221BC005444F8 /* Control_the_KeyboardTests.swift in Sources */,
			);
			runOnlyForDeploymentPostprocessing = 0;
		};
/* End PBXSourcesBuildPhase section */

/* Begin PBXTargetDependency section */
		18E8F14B1B2221BC005444F8 /* PBXTargetDependency */ = {
			isa = PBXTargetDependency;
			target = 18E8F1331B2221BC005444F8 /* Control the Keyboard */;
			targetProxy = 18E8F14A1B2221BC005444F8 /* PBXContainerItemProxy */;
		};
/* End PBXTargetDependency section */

/* Begin PBXVariantGroup section */
		18E8F13D1B2221BC005444F8 /* Main.storyboard */ = {
			isa = PBXVariantGroup;
			children = (
				18E8F13E1B2221BC005444F8 /* Base */,
			);
			name = Main.storyboard;
			sourceTree = "<group>";
		};
		18E8F1421B2221BC005444F8 /* LaunchScreen.xib */ = {
			isa = PBXVariantGroup;
			children = (
				18E8F1431B2221BC005444F8 /* Base */,
			);
			name = LaunchScreen.xib;
			sourceTree = "<group>";
		};
/* End PBXVariantGroup section */

/* Begin XCBuildConfiguration section */
		18E8F1511B2221BC005444F8 /* Debug */ = {
			isa = XCBuildConfiguration;
			buildSettings = {
				ALWAYS_SEARCH_USER_PATHS = NO;
				CLANG_CXX_LANGUAGE_STANDARD = "gnu++0x";
				CLANG_CXX_LIBRARY = "libc++";
				CLANG_ENABLE_MODULES = YES;
				CLANG_ENABLE_OBJC_ARC = YES;
				CLANG_WARN_BOOL_CONVERSION = YES;
				CLANG_WARN_CONSTANT_CONVERSION = YES;
				CLANG_WARN_DIRECT_OBJC_ISA_USAGE = YES_ERROR;
				CLANG_WARN_EMPTY_BODY = YES;
				CLANG_WARN_ENUM_CONVERSION = YES;
				CLANG_WARN_INT_CONVERSION = YES;
				CLANG_WARN_OBJC_ROOT_CLASS = YES_ERROR;
				CLANG_WARN_UNREACHABLE_CODE = YES;
				CLANG_WARN__DUPLICATE_METHOD_MATCH = YES;
				"CODE_SIGN_IDENTITY[sdk=iphoneos*]" = "iPhone Developer";
				COPY_PHASE_STRIP = NO;
				DEBUG_INFORMATION_FORMAT = "dwarf-with-dsym";
				ENABLE_STRICT_OBJC_MSGSEND = YES;
				GCC_C_LANGUAGE_STANDARD = gnu99;
				GCC_DYNAMIC_NO_PIC = NO;
				GCC_NO_COMMON_BLOCKS = YES;
				GCC_OPTIMIZATION_LEVEL = 0;
				GCC_PREPROCESSOR_DEFINITIONS = (
					"DEBUG=1",
					"$(inherited)",
				);
				GCC_SYMBOLS_PRIVATE_EXTERN = NO;
				GCC_WARN_64_TO_32_BIT_CONVERSION = YES;
				GCC_WARN_ABOUT_RETURN_TYPE = YES_ERROR;
				GCC_WARN_UNDECLARED_SELECTOR = YES;
				GCC_WARN_UNINITIALIZED_AUTOS = YES_AGGRESSIVE;
				GCC_WARN_UNUSED_FUNCTION = YES;
				GCC_WARN_UNUSED_VARIABLE = YES;
				IPHONEOS_DEPLOYMENT_TARGET = 8.3;
				MTL_ENABLE_DEBUG_INFO = YES;
				ONLY_ACTIVE_ARCH = YES;
				SDKROOT = iphoneos;
				SWIFT_OPTIMIZATION_LEVEL = "-Onone";
			};
			name = Debug;
		};
		18E8F1521B2221BC005444F8 /* Release */ = {
			isa = XCBuildConfiguration;
			buildSettings = {
				ALWAYS_SEARCH_USER_PATHS = NO;
				CLANG_CXX_LANGUAGE_STANDARD = "gnu++0x";
				CLANG_CXX_LIBRARY = "libc++";
				CLANG_ENABLE_MODULES = YES;
				CLANG_ENABLE_OBJC_ARC = YES;
				CLANG_WARN_BOOL_CONVERSION = YES;
				CLANG_WARN_CONSTANT_CONVERSION = YES;
				CLANG_WARN_DIRECT_OBJC_ISA_USAGE = YES_ERROR;
				CLANG_WARN_EMPTY_BODY = YES;
				CLANG_WARN_ENUM_CONVERSION = YES;
				CLANG_WARN_INT_CONVERSION = YES;
				CLANG_WARN_OBJC_ROOT_CLASS = YES_ERROR;
				CLANG_WARN_UNREACHABLE_CODE = YES;
				CLANG_WARN__DUPLICATE_METHOD_MATCH = YES;
				"CODE_SIGN_IDENTITY[sdk=iphoneos*]" = "iPhone Developer";
				COPY_PHASE_STRIP = NO;
				DEBUG_INFORMATION_FORMAT = "dwarf-with-dsym";
				ENABLE_NS_ASSERTIONS = NO;
				ENABLE_STRICT_OBJC_MSGSEND = YES;
				GCC_C_LANGUAGE_STANDARD = gnu99;
				GCC_NO_COMMON_BLOCKS = YES;
				GCC_WARN_64_TO_32_BIT_CONVERSION = YES;
				GCC_WARN_ABOUT_RETURN_TYPE = YES_ERROR;
				GCC_WARN_UNDECLARED_SELECTOR = YES;
				GCC_WARN_UNINITIALIZED_AUTOS = YES_AGGRESSIVE;
				GCC_WARN_UNUSED_FUNCTION = YES;
				GCC_WARN_UNUSED_VARIABLE = YES;
				IPHONEOS_DEPLOYMENT_TARGET = 8.3;
				MTL_ENABLE_DEBUG_INFO = NO;
				SDKROOT = iphoneos;
				VALIDATE_PRODUCT = YES;
			};
			name = Release;
		};
		18E8F1541B2221BC005444F8 /* Debug */ = {
			isa = XCBuildConfiguration;
			buildSettings = {
				ASSETCATALOG_COMPILER_APPICON_NAME = AppIcon;
				INFOPLIST_FILE = "Control the Keyboard/Info.plist";
				LD_RUNPATH_SEARCH_PATHS = "$(inherited) @executable_path/Frameworks";
				PRODUCT_NAME = "$(TARGET_NAME)";
			};
			name = Debug;
		};
		18E8F1551B2221BC005444F8 /* Release */ = {
			isa = XCBuildConfiguration;
			buildSettings = {
				ASSETCATALOG_COMPILER_APPICON_NAME = AppIcon;
				INFOPLIST_FILE = "Control the Keyboard/Info.plist";
				LD_RUNPATH_SEARCH_PATHS = "$(inherited) @executable_path/Frameworks";
				PRODUCT_NAME = "$(TARGET_NAME)";
			};
			name = Release;
		};
		18E8F1571B2221BC005444F8 /* Debug */ = {
			isa = XCBuildConfiguration;
			buildSettings = {
				BUNDLE_LOADER = "$(TEST_HOST)";
				FRAMEWORK_SEARCH_PATHS = (
					"$(SDKROOT)/Developer/Library/Frameworks",
					"$(inherited)",
				);
				GCC_PREPROCESSOR_DEFINITIONS = (
					"DEBUG=1",
					"$(inherited)",
				);
				INFOPLIST_FILE = "Control the KeyboardTests/Info.plist";
				LD_RUNPATH_SEARCH_PATHS = "$(inherited) @executable_path/Frameworks @loader_path/Frameworks";
				PRODUCT_NAME = "$(TARGET_NAME)";
				TEST_HOST = "$(BUILT_PRODUCTS_DIR)/Control the Keyboard.app/Control the Keyboard";
			};
			name = Debug;
		};
		18E8F1581B2221BC005444F8 /* Release */ = {
			isa = XCBuildConfiguration;
			buildSettings = {
				BUNDLE_LOADER = "$(TEST_HOST)";
				FRAMEWORK_SEARCH_PATHS = (
					"$(SDKROOT)/Developer/Library/Frameworks",
					"$(inherited)",
				);
				INFOPLIST_FILE = "Control the KeyboardTests/Info.plist";
				LD_RUNPATH_SEARCH_PATHS = "$(inherited) @executable_path/Frameworks @loader_path/Frameworks";
				PRODUCT_NAME = "$(TARGET_NAME)";
				TEST_HOST = "$(BUILT_PRODUCTS_DIR)/Control the Keyboard.app/Control the Keyboard";
			};
			name = Release;
		};
/* End XCBuildConfiguration section */

/* Begin XCConfigurationList section */
		18E8F12F1B2221BC005444F8 /* Build configuration list for PBXProject "Control the Keyboard" */ = {
			isa = XCConfigurationList;
			buildConfigurations = (
				18E8F1511B2221BC005444F8 /* Debug */,
				18E8F1521B2221BC005444F8 /* Release */,
			);
			defaultConfigurationIsVisible = 0;
			defaultConfigurationName = Release;
		};
		18E8F1531B2221BC005444F8 /* Build configuration list for PBXNativeTarget "Control the Keyboard" */ = {
			isa = XCConfigurationList;
			buildConfigurations = (
				18E8F1541B2221BC005444F8 /* Debug */,
				18E8F1551B2221BC005444F8 /* Release */,
			);
			defaultConfigurationIsVisible = 0;
		};
		18E8F1561B2221BC005444F8 /* Build configuration list for PBXNativeTarget "Control the KeyboardTests" */ = {
			isa = XCConfigurationList;
			buildConfigurations = (
				18E8F1571B2221BC005444F8 /* Debug */,
				18E8F1581B2221BC005444F8 /* Release */,
			);
			defaultConfigurationIsVisible = 0;
		};
/* End XCConfigurationList section */
	};
	rootObject = 18E8F12C1B2221BC005444F8 /* Project object */;
}
