// !$*UTF8*$!
{
	archiveVersion = 1;
	classes = {
	};
	objectVersion = 46;
	objects = {

/* Begin PBXBuildFile section */
		185013D41B2AAA8D00AD6049 /* AppDelegate.swift in Sources */ = {isa = PBXBuildFile; fileRef = 185013D31B2AAA8D00AD6049 /* AppDelegate.swift */; };
		185013D61B2AAA8D00AD6049 /* ViewController.swift in Sources */ = {isa = PBXBuildFile; fileRef = 185013D51B2AAA8D00AD6049 /* ViewController.swift */; };
		185013D91B2AAA8D00AD6049 /* Main.storyboard in Resources */ = {isa = PBXBuildFile; fileRef = 185013D71B2AAA8D00AD6049 /* Main.storyboard */; };
		185013DB1B2AAA8D00AD6049 /* Images.xcassets in Resources */ = {isa = PBXBuildFile; fileRef = 185013DA1B2AAA8D00AD6049 /* Images.xcassets */; };
		185013DE1B2AAA8D00AD6049 /* LaunchScreen.xib in Resources */ = {isa = PBXBuildFile; fileRef = 185013DC1B2AAA8D00AD6049 /* LaunchScreen.xib */; };
		185013EA1B2AAA8D00AD6049 /* Where_Am_I_Tests.swift in Sources */ = {isa = PBXBuildFile; fileRef = 185013E91B2AAA8D00AD6049 /* Where_Am_I_Tests.swift */; };
		185013F41B2AAAB200AD6049 /* CoreLocation.framework in Frameworks */ = {isa = PBXBuildFile; fileRef = 185013F31B2AAAB200AD6049 /* CoreLocation.framework */; };
/* End PBXBuildFile section */

/* Begin PBXContainerItemProxy section */
		185013E41B2AAA8D00AD6049 /* PBXContainerItemProxy */ = {
			isa = PBXContainerItemProxy;
			containerPortal = 185013C61B2AAA8D00AD6049 /* Project object */;
			proxyType = 1;
			remoteGlobalIDString = 185013CD1B2AAA8D00AD6049;
			remoteInfo = "Where Am I?";
		};
/* End PBXContainerItemProxy section */

/* Begin PBXFileReference section */
		185013CE1B2AAA8D00AD6049 /* Where Am I?.app */ = {isa = PBXFileReference; explicitFileType = wrapper.application; includeInIndex = 0; path = "Where Am I?.app"; sourceTree = BUILT_PRODUCTS_DIR; };
		185013D21B2AAA8D00AD6049 /* Info.plist */ = {isa = PBXFileReference; lastKnownFileType = text.plist.xml; path = Info.plist; sourceTree = "<group>"; };
		185013D31B2AAA8D00AD6049 /* AppDelegate.swift */ = {isa = PBXFileReference; lastKnownFileType = sourcecode.swift; path = AppDelegate.swift; sourceTree = "<group>"; };
		185013D51B2AAA8D00AD6049 /* ViewController.swift */ = {isa = PBXFileReference; lastKnownFileType = sourcecode.swift; path = ViewController.swift; sourceTree = "<group>"; };
		185013D81B2AAA8D00AD6049 /* Base */ = {isa = PBXFileReference; lastKnownFileType = file.storyboard; name = Base; path = Base.lproj/Main.storyboard; sourceTree = "<group>"; };
		185013DA1B2AAA8D00AD6049 /* Images.xcassets */ = {isa = PBXFileReference; lastKnownFileType = folder.assetcatalog; path = Images.xcassets; sourceTree = "<group>"; };
		185013DD1B2AAA8D00AD6049 /* Base */ = {isa = PBXFileReference; lastKnownFileType = file.xib; name = Base; path = Base.lproj/LaunchScreen.xib; sourceTree = "<group>"; };
		185013E31B2AAA8D00AD6049 /* Where Am I?Tests.xctest */ = {isa = PBXFileReference; explicitFileType = wrapper.cfbundle; includeInIndex = 0; path = "Where Am I?Tests.xctest"; sourceTree = BUILT_PRODUCTS_DIR; };
		185013E81B2AAA8D00AD6049 /* Info.plist */ = {isa = PBXFileReference; lastKnownFileType = text.plist.xml; path = Info.plist; sourceTree = "<group>"; };
		185013E91B2AAA8D00AD6049 /* Where_Am_I_Tests.swift */ = {isa = PBXFileReference; lastKnownFileType = sourcecode.swift; path = Where_Am_I_Tests.swift; sourceTree = "<group>"; };
		185013F31B2AAAB200AD6049 /* CoreLocation.framework */ = {isa = PBXFileReference; lastKnownFileType = wrapper.framework; name = CoreLocation.framework; path = System/Library/Frameworks/CoreLocation.framework; sourceTree = SDKROOT; };
/* End PBXFileReference section */

/* Begin PBXFrameworksBuildPhase section */
		185013CB1B2AAA8D00AD6049 /* Frameworks */ = {
			isa = PBXFrameworksBuildPhase;
			buildActionMask = 2147483647;
			files = (
				185013F41B2AAAB200AD6049 /* CoreLocation.framework in Frameworks */,
			);
			runOnlyForDeploymentPostprocessing = 0;
		};
		185013E01B2AAA8D00AD6049 /* Frameworks */ = {
			isa = PBXFrameworksBuildPhase;
			buildActionMask = 2147483647;
			files = (
			);
			runOnlyForDeploymentPostprocessing = 0;
		};
/* End PBXFrameworksBuildPhase section */

/* Begin PBXGroup section */
		185013C51B2AAA8D00AD6049 = {
			isa = PBXGroup;
			children = (
				185013F31B2AAAB200AD6049 /* CoreLocation.framework */,
				185013D01B2AAA8D00AD6049 /* Where Am I? */,
				185013E61B2AAA8D00AD6049 /* Where Am I?Tests */,
				185013CF1B2AAA8D00AD6049 /* Products */,
			);
			sourceTree = "<group>";
		};
		185013CF1B2AAA8D00AD6049 /* Products */ = {
			isa = PBXGroup;
			children = (
				185013CE1B2AAA8D00AD6049 /* Where Am I?.app */,
				185013E31B2AAA8D00AD6049 /* Where Am I?Tests.xctest */,
			);
			name = Products;
			sourceTree = "<group>";
		};
		185013D01B2AAA8D00AD6049 /* Where Am I? */ = {
			isa = PBXGroup;
			children = (
				185013D31B2AAA8D00AD6049 /* AppDelegate.swift */,
				185013D51B2AAA8D00AD6049 /* ViewController.swift */,
				185013D71B2AAA8D00AD6049 /* Main.storyboard */,
				185013DA1B2AAA8D00AD6049 /* Images.xcassets */,
				185013DC1B2AAA8D00AD6049 /* LaunchScreen.xib */,
				185013D11B2AAA8D00AD6049 /* Supporting Files */,
			);
			path = "Where Am I?";
			sourceTree = "<group>";
		};
		185013D11B2AAA8D00AD6049 /* Supporting Files */ = {
			isa = PBXGroup;
			children = (
				185013D21B2AAA8D00AD6049 /* Info.plist */,
			);
			name = "Supporting Files";
			sourceTree = "<group>";
		};
		185013E61B2AAA8D00AD6049 /* Where Am I?Tests */ = {
			isa = PBXGroup;
			children = (
				185013E91B2AAA8D00AD6049 /* Where_Am_I_Tests.swift */,
				185013E71B2AAA8D00AD6049 /* Supporting Files */,
			);
			path = "Where Am I?Tests";
			sourceTree = "<group>";
		};
		185013E71B2AAA8D00AD6049 /* Supporting Files */ = {
			isa = PBXGroup;
			children = (
				185013E81B2AAA8D00AD6049 /* Info.plist */,
			);
			name = "Supporting Files";
			sourceTree = "<group>";
		};
/* End PBXGroup section */

/* Begin PBXNativeTarget section */
		185013CD1B2AAA8D00AD6049 /* Where Am I? */ = {
			isa = PBXNativeTarget;
			buildConfigurationList = 185013ED1B2AAA8D00AD6049 /* Build configuration list for PBXNativeTarget "Where Am I?" */;
			buildPhases = (
				185013CA1B2AAA8D00AD6049 /* Sources */,
				185013CB1B2AAA8D00AD6049 /* Frameworks */,
				185013CC1B2AAA8D00AD6049 /* Resources */,
			);
			buildRules = (
			);
			dependencies = (
			);
			name = "Where Am I?";
			productName = "Where Am I?";
			productReference = 185013CE1B2AAA8D00AD6049 /* Where Am I?.app */;
			productType = "com.apple.product-type.application";
		};
		185013E21B2AAA8D00AD6049 /* Where Am I?Tests */ = {
			isa = PBXNativeTarget;
			buildConfigurationList = 185013F01B2AAA8D00AD6049 /* Build configuration list for PBXNativeTarget "Where Am I?Tests" */;
			buildPhases = (
				185013DF1B2AAA8D00AD6049 /* Sources */,
				185013E01B2AAA8D00AD6049 /* Frameworks */,
				185013E11B2AAA8D00AD6049 /* Resources */,
			);
			buildRules = (
			);
			dependencies = (
				185013E51B2AAA8D00AD6049 /* PBXTargetDependency */,
			);
			name = "Where Am I?Tests";
			productName = "Where Am I?Tests";
			productReference = 185013E31B2AAA8D00AD6049 /* Where Am I?Tests.xctest */;
			productType = "com.apple.product-type.bundle.unit-test";
		};
/* End PBXNativeTarget section */

/* Begin PBXProject section */
		185013C61B2AAA8D00AD6049 /* Project object */ = {
			isa = PBXProject;
			attributes = {
				LastUpgradeCheck = 0630;
				ORGANIZATIONNAME = Zia_Ahmed;
				TargetAttributes = {
					185013CD1B2AAA8D00AD6049 = {
						CreatedOnToolsVersion = 6.3.2;
					};
					185013E21B2AAA8D00AD6049 = {
						CreatedOnToolsVersion = 6.3.2;
						TestTargetID = 185013CD1B2AAA8D00AD6049;
					};
				};
			};
			buildConfigurationList = 185013C91B2AAA8D00AD6049 /* Build configuration list for PBXProject "Where Am I?" */;
			compatibilityVersion = "Xcode 3.2";
			developmentRegion = English;
			hasScannedForEncodings = 0;
			knownRegions = (
				en,
				Base,
			);
			mainGroup = 185013C51B2AAA8D00AD6049;
			productRefGroup = 185013CF1B2AAA8D00AD6049 /* Products */;
			projectDirPath = "";
			projectRoot = "";
			targets = (
				185013CD1B2AAA8D00AD6049 /* Where Am I? */,
				185013E21B2AAA8D00AD6049 /* Where Am I?Tests */,
			);
		};
/* End PBXProject section */

/* Begin PBXResourcesBuildPhase section */
		185013CC1B2AAA8D00AD6049 /* Resources */ = {
			isa = PBXResourcesBuildPhase;
			buildActionMask = 2147483647;
			files = (
				185013D91B2AAA8D00AD6049 /* Main.storyboard in Resources */,
				185013DE1B2AAA8D00AD6049 /* LaunchScreen.xib in Resources */,
				185013DB1B2AAA8D00AD6049 /* Images.xcassets in Resources */,
			);
			runOnlyForDeploymentPostprocessing = 0;
		};
		185013E11B2AAA8D00AD6049 /* Resources */ = {
			isa = PBXResourcesBuildPhase;
			buildActionMask = 2147483647;
			files = (
			);
			runOnlyForDeploymentPostprocessing = 0;
		};
/* End PBXResourcesBuildPhase section */

/* Begin PBXSourcesBuildPhase section */
		185013CA1B2AAA8D00AD6049 /* Sources */ = {
			isa = PBXSourcesBuildPhase;
			buildActionMask = 2147483647;
			files = (
				185013D61B2AAA8D00AD6049 /* ViewController.swift in Sources */,
				185013D41B2AAA8D00AD6049 /* AppDelegate.swift in Sources */,
			);
			runOnlyForDeploymentPostprocessing = 0;
		};
		185013DF1B2AAA8D00AD6049 /* Sources */ = {
			isa = PBXSourcesBuildPhase;
			buildActionMask = 2147483647;
			files = (
				185013EA1B2AAA8D00AD6049 /* Where_Am_I_Tests.swift in Sources */,
			);
			runOnlyForDeploymentPostprocessing = 0;
		};
/* End PBXSourcesBuildPhase section */

/* Begin PBXTargetDependency section */
		185013E51B2AAA8D00AD6049 /* PBXTargetDependency */ = {
			isa = PBXTargetDependency;
			target = 185013CD1B2AAA8D00AD6049 /* Where Am I? */;
			targetProxy = 185013E41B2AAA8D00AD6049 /* PBXContainerItemProxy */;
		};
/* End PBXTargetDependency section */

/* Begin PBXVariantGroup section */
		185013D71B2AAA8D00AD6049 /* Main.storyboard */ = {
			isa = PBXVariantGroup;
			children = (
				185013D81B2AAA8D00AD6049 /* Base */,
			);
			name = Main.storyboard;
			sourceTree = "<group>";
		};
		185013DC1B2AAA8D00AD6049 /* LaunchScreen.xib */ = {
			isa = PBXVariantGroup;
			children = (
				185013DD1B2AAA8D00AD6049 /* Base */,
			);
			name = LaunchScreen.xib;
			sourceTree = "<group>";
		};
/* End PBXVariantGroup section */

/* Begin XCBuildConfiguration section */
		185013EB1B2AAA8D00AD6049 /* Debug */ = {
			isa = XCBuildConfiguration;
			buildSettings = {
				ALWAYS_SEARCH_USER_PATHS = NO;
				CLANG_CXX_LANGUAGE_STANDARD = "gnu++0x";
				CLANG_CXX_LIBRARY = "libc++";
				CLANG_ENABLE_MODULES = YES;
				CLANG_ENABLE_OBJC_ARC = YES;
				CLANG_WARN_BOOL_CONVERSION = YES;
				CLANG_WARN_CONSTANT_CONVERSION = YES;
				CLANG_WARN_DIRECT_OBJC_ISA_USAGE = YES_ERROR;
				CLANG_WARN_EMPTY_BODY = YES;
				CLANG_WARN_ENUM_CONVERSION = YES;
				CLANG_WARN_INT_CONVERSION = YES;
				CLANG_WARN_OBJC_ROOT_CLASS = YES_ERROR;
				CLANG_WARN_UNREACHABLE_CODE = YES;
				CLANG_WARN__DUPLICATE_METHOD_MATCH = YES;
				"CODE_SIGN_IDENTITY[sdk=iphoneos*]" = "iPhone Developer";
				COPY_PHASE_STRIP = NO;
				DEBUG_INFORMATION_FORMAT = "dwarf-with-dsym";
				ENABLE_STRICT_OBJC_MSGSEND = YES;
				GCC_C_LANGUAGE_STANDARD = gnu99;
				GCC_DYNAMIC_NO_PIC = NO;
				GCC_NO_COMMON_BLOCKS = YES;
				GCC_OPTIMIZATION_LEVEL = 0;
				GCC_PREPROCESSOR_DEFINITIONS = (
					"DEBUG=1",
					"$(inherited)",
				);
				GCC_SYMBOLS_PRIVATE_EXTERN = NO;
				GCC_WARN_64_TO_32_BIT_CONVERSION = YES;
				GCC_WARN_ABOUT_RETURN_TYPE = YES_ERROR;
				GCC_WARN_UNDECLARED_SELECTOR = YES;
				GCC_WARN_UNINITIALIZED_AUTOS = YES_AGGRESSIVE;
				GCC_WARN_UNUSED_FUNCTION = YES;
				GCC_WARN_UNUSED_VARIABLE = YES;
				IPHONEOS_DEPLOYMENT_TARGET = 8.3;
				MTL_ENABLE_DEBUG_INFO = YES;
				ONLY_ACTIVE_ARCH = YES;
				SDKROOT = iphoneos;
				SWIFT_OPTIMIZATION_LEVEL = "-Onone";
			};
			name = Debug;
		};
		185013EC1B2AAA8D00AD6049 /* Release */ = {
			isa = XCBuildConfiguration;
			buildSettings = {
				ALWAYS_SEARCH_USER_PATHS = NO;
				CLANG_CXX_LANGUAGE_STANDARD = "gnu++0x";
				CLANG_CXX_LIBRARY = "libc++";
				CLANG_ENABLE_MODULES = YES;
				CLANG_ENABLE_OBJC_ARC = YES;
				CLANG_WARN_BOOL_CONVERSION = YES;
				CLANG_WARN_CONSTANT_CONVERSION = YES;
				CLANG_WARN_DIRECT_OBJC_ISA_USAGE = YES_ERROR;
				CLANG_WARN_EMPTY_BODY = YES;
				CLANG_WARN_ENUM_CONVERSION = YES;
				CLANG_WARN_INT_CONVERSION = YES;
				CLANG_WARN_OBJC_ROOT_CLASS = YES_ERROR;
				CLANG_WARN_UNREACHABLE_CODE = YES;
				CLANG_WARN__DUPLICATE_METHOD_MATCH = YES;
				"CODE_SIGN_IDENTITY[sdk=iphoneos*]" = "iPhone Developer";
				COPY_PHASE_STRIP = NO;
				DEBUG_INFORMATION_FORMAT = "dwarf-with-dsym";
				ENABLE_NS_ASSERTIONS = NO;
				ENABLE_STRICT_OBJC_MSGSEND = YES;
				GCC_C_LANGUAGE_STANDARD = gnu99;
				GCC_NO_COMMON_BLOCKS = YES;
				GCC_WARN_64_TO_32_BIT_CONVERSION = YES;
				GCC_WARN_ABOUT_RETURN_TYPE = YES_ERROR;
				GCC_WARN_UNDECLARED_SELECTOR = YES;
				GCC_WARN_UNINITIALIZED_AUTOS = YES_AGGRESSIVE;
				GCC_WARN_UNUSED_FUNCTION = YES;
				GCC_WARN_UNUSED_VARIABLE = YES;
				IPHONEOS_DEPLOYMENT_TARGET = 8.3;
				MTL_ENABLE_DEBUG_INFO = NO;
				SDKROOT = iphoneos;
				VALIDATE_PRODUCT = YES;
			};
			name = Release;
		};
		185013EE1B2AAA8D00AD6049 /* Debug */ = {
			isa = XCBuildConfiguration;
			buildSettings = {
				ASSETCATALOG_COMPILER_APPICON_NAME = AppIcon;
				INFOPLIST_FILE = "Where Am I?/Info.plist";
				LD_RUNPATH_SEARCH_PATHS = "$(inherited) @executable_path/Frameworks";
				PRODUCT_NAME = "$(TARGET_NAME)";
			};
			name = Debug;
		};
		185013EF1B2AAA8D00AD6049 /* Release */ = {
			isa = XCBuildConfiguration;
			buildSettings = {
				ASSETCATALOG_COMPILER_APPICON_NAME = AppIcon;
				INFOPLIST_FILE = "Where Am I?/Info.plist";
				LD_RUNPATH_SEARCH_PATHS = "$(inherited) @executable_path/Frameworks";
				PRODUCT_NAME = "$(TARGET_NAME)";
			};
			name = Release;
		};
		185013F11B2AAA8D00AD6049 /* Debug */ = {
			isa = XCBuildConfiguration;
			buildSettings = {
				BUNDLE_LOADER = "$(TEST_HOST)";
				FRAMEWORK_SEARCH_PATHS = (
					"$(SDKROOT)/Developer/Library/Frameworks",
					"$(inherited)",
				);
				GCC_PREPROCESSOR_DEFINITIONS = (
					"DEBUG=1",
					"$(inherited)",
				);
				INFOPLIST_FILE = "Where Am I?Tests/Info.plist";
				LD_RUNPATH_SEARCH_PATHS = "$(inherited) @executable_path/Frameworks @loader_path/Frameworks";
				PRODUCT_NAME = "$(TARGET_NAME)";
				TEST_HOST = "$(BUILT_PRODUCTS_DIR)/Where Am I?.app/Where Am I?";
			};
			name = Debug;
		};
		185013F21B2AAA8D00AD6049 /* Release */ = {
			isa = XCBuildConfiguration;
			buildSettings = {
				BUNDLE_LOADER = "$(TEST_HOST)";
				FRAMEWORK_SEARCH_PATHS = (
					"$(SDKROOT)/Developer/Library/Frameworks",
					"$(inherited)",
				);
				INFOPLIST_FILE = "Where Am I?Tests/Info.plist";
				LD_RUNPATH_SEARCH_PATHS = "$(inherited) @executable_path/Frameworks @loader_path/Frameworks";
				PRODUCT_NAME = "$(TARGET_NAME)";
				TEST_HOST = "$(BUILT_PRODUCTS_DIR)/Where Am I?.app/Where Am I?";
			};
			name = Release;
		};
/* End XCBuildConfiguration section */

/* Begin XCConfigurationList section */
		185013C91B2AAA8D00AD6049 /* Build configuration list for PBXProject "Where Am I?" */ = {
			isa = XCConfigurationList;
			buildConfigurations = (
				185013EB1B2AAA8D00AD6049 /* Debug */,
				185013EC1B2AAA8D00AD6049 /* Release */,
			);
			defaultConfigurationIsVisible = 0;
			defaultConfigurationName = Release;
		};
		185013ED1B2AAA8D00AD6049 /* Build configuration list for PBXNativeTarget "Where Am I?" */ = {
			isa = XCConfigurationList;
			buildConfigurations = (
				185013EE1B2AAA8D00AD6049 /* Debug */,
				185013EF1B2AAA8D00AD6049 /* Release */,
			);
			defaultConfigurationIsVisible = 0;
		};
		185013F01B2AAA8D00AD6049 /* Build configuration list for PBXNativeTarget "Where Am I?Tests" */ = {
			isa = XCConfigurationList;
			buildConfigurations = (
				185013F11B2AAA8D00AD6049 /* Debug */,
				185013F21B2AAA8D00AD6049 /* Release */,
			);
			defaultConfigurationIsVisible = 0;
		};
/* End XCConfigurationList section */
	};
	rootObject = 185013C61B2AAA8D00AD6049 /* Project object */;
}
