// !$*UTF8*$!
{
	archiveVersion = 1;
	classes = {
	};
	objectVersion = 46;
	objects = {

/* Begin PBXBuildFile section */
		1834317A1B1E3BFE006F2624 /* AppDelegate.swift in Sources */ = {isa = PBXBuildFile; fileRef = 183431791B1E3BFE006F2624 /* AppDelegate.swift */; };
		1834317C1B1E3BFE006F2624 /* ViewController.swift in Sources */ = {isa = PBXBuildFile; fileRef = 1834317B1B1E3BFE006F2624 /* ViewController.swift */; };
		1834317F1B1E3BFE006F2624 /* Main.storyboard in Resources */ = {isa = PBXBuildFile; fileRef = 1834317D1B1E3BFE006F2624 /* Main.storyboard */; };
		183431811B1E3BFE006F2624 /* Images.xcassets in Resources */ = {isa = PBXBuildFile; fileRef = 183431801B1E3BFE006F2624 /* Images.xcassets */; };
		183431841B1E3BFE006F2624 /* LaunchScreen.xib in Resources */ = {isa = PBXBuildFile; fileRef = 183431821B1E3BFE006F2624 /* LaunchScreen.xib */; };
		183431901B1E3BFE006F2624 /* How_Many_FingersTests.swift in Sources */ = {isa = PBXBuildFile; fileRef = 1834318F1B1E3BFE006F2624 /* How_Many_FingersTests.swift */; };
/* End PBXBuildFile section */

/* Begin PBXContainerItemProxy section */
		1834318A1B1E3BFE006F2624 /* PBXContainerItemProxy */ = {
			isa = PBXContainerItemProxy;
			containerPortal = 1834316C1B1E3BFD006F2624 /* Project object */;
			proxyType = 1;
			remoteGlobalIDString = 183431731B1E3BFD006F2624;
			remoteInfo = "How Many Fingers";
		};
/* End PBXContainerItemProxy section */

/* Begin PBXFileReference section */
		183431741B1E3BFE006F2624 /* How Many Fingers.app */ = {isa = PBXFileReference; explicitFileType = wrapper.application; includeInIndex = 0; path = "How Many Fingers.app"; sourceTree = BUILT_PRODUCTS_DIR; };
		183431781B1E3BFE006F2624 /* Info.plist */ = {isa = PBXFileReference; lastKnownFileType = text.plist.xml; path = Info.plist; sourceTree = "<group>"; };
		183431791B1E3BFE006F2624 /* AppDelegate.swift */ = {isa = PBXFileReference; lastKnownFileType = sourcecode.swift; path = AppDelegate.swift; sourceTree = "<group>"; };
		1834317B1B1E3BFE006F2624 /* ViewController.swift */ = {isa = PBXFileReference; lastKnownFileType = sourcecode.swift; path = ViewController.swift; sourceTree = "<group>"; };
		1834317E1B1E3BFE006F2624 /* Base */ = {isa = PBXFileReference; lastKnownFileType = file.storyboard; name = Base; path = Base.lproj/Main.storyboard; sourceTree = "<group>"; };
		183431801B1E3BFE006F2624 /* Images.xcassets */ = {isa = PBXFileReference; lastKnownFileType = folder.assetcatalog; path = Images.xcassets; sourceTree = "<group>"; };
		183431831B1E3BFE006F2624 /* Base */ = {isa = PBXFileReference; lastKnownFileType = file.xib; name = Base; path = Base.lproj/LaunchScreen.xib; sourceTree = "<group>"; };
		183431891B1E3BFE006F2624 /* How Many FingersTests.xctest */ = {isa = PBXFileReference; explicitFileType = wrapper.cfbundle; includeInIndex = 0; path = "How Many FingersTests.xctest"; sourceTree = BUILT_PRODUCTS_DIR; };
		1834318E1B1E3BFE006F2624 /* Info.plist */ = {isa = PBXFileReference; lastKnownFileType = text.plist.xml; path = Info.plist; sourceTree = "<group>"; };
		1834318F1B1E3BFE006F2624 /* How_Many_FingersTests.swift */ = {isa = PBXFileReference; lastKnownFileType = sourcecode.swift; path = How_Many_FingersTests.swift; sourceTree = "<group>"; };
/* End PBXFileReference section */

/* Begin PBXFrameworksBuildPhase section */
		183431711B1E3BFD006F2624 /* Frameworks */ = {
			isa = PBXFrameworksBuildPhase;
			buildActionMask = 2147483647;
			files = (
			);
			runOnlyForDeploymentPostprocessing = 0;
		};
		183431861B1E3BFE006F2624 /* Frameworks */ = {
			isa = PBXFrameworksBuildPhase;
			buildActionMask = 2147483647;
			files = (
			);
			runOnlyForDeploymentPostprocessing = 0;
		};
/* End PBXFrameworksBuildPhase section */

/* Begin PBXGroup section */
		1834316B1B1E3BFD006F2624 = {
			isa = PBXGroup;
			children = (
				183431761B1E3BFE006F2624 /* How Many Fingers */,
				1834318C1B1E3BFE006F2624 /* How Many FingersTests */,
				183431751B1E3BFE006F2624 /* Products */,
			);
			sourceTree = "<group>";
		};
		183431751B1E3BFE006F2624 /* Products */ = {
			isa = PBXGroup;
			children = (
				183431741B1E3BFE006F2624 /* How Many Fingers.app */,
				183431891B1E3BFE006F2624 /* How Many FingersTests.xctest */,
			);
			name = Products;
			sourceTree = "<group>";
		};
		183431761B1E3BFE006F2624 /* How Many Fingers */ = {
			isa = PBXGroup;
			children = (
				183431791B1E3BFE006F2624 /* AppDelegate.swift */,
				1834317B1B1E3BFE006F2624 /* ViewController.swift */,
				1834317D1B1E3BFE006F2624 /* Main.storyboard */,
				183431801B1E3BFE006F2624 /* Images.xcassets */,
				183431821B1E3BFE006F2624 /* LaunchScreen.xib */,
				183431771B1E3BFE006F2624 /* Supporting Files */,
			);
			path = "How Many Fingers";
			sourceTree = "<group>";
		};
		183431771B1E3BFE006F2624 /* Supporting Files */ = {
			isa = PBXGroup;
			children = (
				183431781B1E3BFE006F2624 /* Info.plist */,
			);
			name = "Supporting Files";
			sourceTree = "<group>";
		};
		1834318C1B1E3BFE006F2624 /* How Many FingersTests */ = {
			isa = PBXGroup;
			children = (
				1834318F1B1E3BFE006F2624 /* How_Many_FingersTests.swift */,
				1834318D1B1E3BFE006F2624 /* Supporting Files */,
			);
			path = "How Many FingersTests";
			sourceTree = "<group>";
		};
		1834318D1B1E3BFE006F2624 /* Supporting Files */ = {
			isa = PBXGroup;
			children = (
				1834318E1B1E3BFE006F2624 /* Info.plist */,
			);
			name = "Supporting Files";
			sourceTree = "<group>";
		};
/* End PBXGroup section */

/* Begin PBXNativeTarget section */
		183431731B1E3BFD006F2624 /* How Many Fingers */ = {
			isa = PBXNativeTarget;
			buildConfigurationList = 183431931B1E3BFE006F2624 /* Build configuration list for PBXNativeTarget "How Many Fingers" */;
			buildPhases = (
				183431701B1E3BFD006F2624 /* Sources */,
				183431711B1E3BFD006F2624 /* Frameworks */,
				183431721B1E3BFD006F2624 /* Resources */,
			);
			buildRules = (
			);
			dependencies = (
			);
			name = "How Many Fingers";
			productName = "How Many Fingers";
			productReference = 183431741B1E3BFE006F2624 /* How Many Fingers.app */;
			productType = "com.apple.product-type.application";
		};
		183431881B1E3BFE006F2624 /* How Many FingersTests */ = {
			isa = PBXNativeTarget;
			buildConfigurationList = 183431961B1E3BFE006F2624 /* Build configuration list for PBXNativeTarget "How Many FingersTests" */;
			buildPhases = (
				183431851B1E3BFE006F2624 /* Sources */,
				183431861B1E3BFE006F2624 /* Frameworks */,
				183431871B1E3BFE006F2624 /* Resources */,
			);
			buildRules = (
			);
			dependencies = (
				1834318B1B1E3BFE006F2624 /* PBXTargetDependency */,
			);
			name = "How Many FingersTests";
			productName = "How Many FingersTests";
			productReference = 183431891B1E3BFE006F2624 /* How Many FingersTests.xctest */;
			productType = "com.apple.product-type.bundle.unit-test";
		};
/* End PBXNativeTarget section */

/* Begin PBXProject section */
		1834316C1B1E3BFD006F2624 /* Project object */ = {
			isa = PBXProject;
			attributes = {
				LastUpgradeCheck = 0630;
				ORGANIZATIONNAME = Zia_Ahmed;
				TargetAttributes = {
					183431731B1E3BFD006F2624 = {
						CreatedOnToolsVersion = 6.3.2;
					};
					183431881B1E3BFE006F2624 = {
						CreatedOnToolsVersion = 6.3.2;
						TestTargetID = 183431731B1E3BFD006F2624;
					};
				};
			};
			buildConfigurationList = 1834316F1B1E3BFD006F2624 /* Build configuration list for PBXProject "How Many Fingers" */;
			compatibilityVersion = "Xcode 3.2";
			developmentRegion = English;
			hasScannedForEncodings = 0;
			knownRegions = (
				en,
				Base,
			);
			mainGroup = 1834316B1B1E3BFD006F2624;
			productRefGroup = 183431751B1E3BFE006F2624 /* Products */;
			projectDirPath = "";
			projectRoot = "";
			targets = (
				183431731B1E3BFD006F2624 /* How Many Fingers */,
				183431881B1E3BFE006F2624 /* How Many FingersTests */,
			);
		};
/* End PBXProject section */

/* Begin PBXResourcesBuildPhase section */
		183431721B1E3BFD006F2624 /* Resources */ = {
			isa = PBXResourcesBuildPhase;
			buildActionMask = 2147483647;
			files = (
				1834317F1B1E3BFE006F2624 /* Main.storyboard in Resources */,
				183431841B1E3BFE006F2624 /* LaunchScreen.xib in Resources */,
				183431811B1E3BFE006F2624 /* Images.xcassets in Resources */,
			);
			runOnlyForDeploymentPostprocessing = 0;
		};
		183431871B1E3BFE006F2624 /* Resources */ = {
			isa = PBXResourcesBuildPhase;
			buildActionMask = 2147483647;
			files = (
			);
			runOnlyForDeploymentPostprocessing = 0;
		};
/* End PBXResourcesBuildPhase section */

/* Begin PBXSourcesBuildPhase section */
		183431701B1E3BFD006F2624 /* Sources */ = {
			isa = PBXSourcesBuildPhase;
			buildActionMask = 2147483647;
			files = (
				1834317C1B1E3BFE006F2624 /* ViewController.swift in Sources */,
				1834317A1B1E3BFE006F2624 /* AppDelegate.swift in Sources */,
			);
			runOnlyForDeploymentPostprocessing = 0;
		};
		183431851B1E3BFE006F2624 /* Sources */ = {
			isa = PBXSourcesBuildPhase;
			buildActionMask = 2147483647;
			files = (
				183431901B1E3BFE006F2624 /* How_Many_FingersTests.swift in Sources */,
			);
			runOnlyForDeploymentPostprocessing = 0;
		};
/* End PBXSourcesBuildPhase section */

/* Begin PBXTargetDependency section */
		1834318B1B1E3BFE006F2624 /* PBXTargetDependency */ = {
			isa = PBXTargetDependency;
			target = 183431731B1E3BFD006F2624 /* How Many Fingers */;
			targetProxy = 1834318A1B1E3BFE006F2624 /* PBXContainerItemProxy */;
		};
/* End PBXTargetDependency section */

/* Begin PBXVariantGroup section */
		1834317D1B1E3BFE006F2624 /* Main.storyboard */ = {
			isa = PBXVariantGroup;
			children = (
				1834317E1B1E3BFE006F2624 /* Base */,
			);
			name = Main.storyboard;
			sourceTree = "<group>";
		};
		183431821B1E3BFE006F2624 /* LaunchScreen.xib */ = {
			isa = PBXVariantGroup;
			children = (
				183431831B1E3BFE006F2624 /* Base */,
			);
			name = LaunchScreen.xib;
			sourceTree = "<group>";
		};
/* End PBXVariantGroup section */

/* Begin XCBuildConfiguration section */
		183431911B1E3BFE006F2624 /* Debug */ = {
			isa = XCBuildConfiguration;
			buildSettings = {
				ALWAYS_SEARCH_USER_PATHS = NO;
				CLANG_CXX_LANGUAGE_STANDARD = "gnu++0x";
				CLANG_CXX_LIBRARY = "libc++";
				CLANG_ENABLE_MODULES = YES;
				CLANG_ENABLE_OBJC_ARC = YES;
				CLANG_WARN_BOOL_CONVERSION = YES;
				CLANG_WARN_CONSTANT_CONVERSION = YES;
				CLANG_WARN_DIRECT_OBJC_ISA_USAGE = YES_ERROR;
				CLANG_WARN_EMPTY_BODY = YES;
				CLANG_WARN_ENUM_CONVERSION = YES;
				CLANG_WARN_INT_CONVERSION = YES;
				CLANG_WARN_OBJC_ROOT_CLASS = YES_ERROR;
				CLANG_WARN_UNREACHABLE_CODE = YES;
				CLANG_WARN__DUPLICATE_METHOD_MATCH = YES;
				"CODE_SIGN_IDENTITY[sdk=iphoneos*]" = "iPhone Developer";
				COPY_PHASE_STRIP = NO;
				DEBUG_INFORMATION_FORMAT = "dwarf-with-dsym";
				ENABLE_STRICT_OBJC_MSGSEND = YES;
				GCC_C_LANGUAGE_STANDARD = gnu99;
				GCC_DYNAMIC_NO_PIC = NO;
				GCC_NO_COMMON_BLOCKS = YES;
				GCC_OPTIMIZATION_LEVEL = 0;
				GCC_PREPROCESSOR_DEFINITIONS = (
					"DEBUG=1",
					"$(inherited)",
				);
				GCC_SYMBOLS_PRIVATE_EXTERN = NO;
				GCC_WARN_64_TO_32_BIT_CONVERSION = YES;
				GCC_WARN_ABOUT_RETURN_TYPE = YES_ERROR;
				GCC_WARN_UNDECLARED_SELECTOR = YES;
				GCC_WARN_UNINITIALIZED_AUTOS = YES_AGGRESSIVE;
				GCC_WARN_UNUSED_FUNCTION = YES;
				GCC_WARN_UNUSED_VARIABLE = YES;
				IPHONEOS_DEPLOYMENT_TARGET = 8.3;
				MTL_ENABLE_DEBUG_INFO = YES;
				ONLY_ACTIVE_ARCH = YES;
				SDKROOT = iphoneos;
				SWIFT_OPTIMIZATION_LEVEL = "-Onone";
			};
			name = Debug;
		};
		183431921B1E3BFE006F2624 /* Release */ = {
			isa = XCBuildConfiguration;
			buildSettings = {
				ALWAYS_SEARCH_USER_PATHS = NO;
				CLANG_CXX_LANGUAGE_STANDARD = "gnu++0x";
				CLANG_CXX_LIBRARY = "libc++";
				CLANG_ENABLE_MODULES = YES;
				CLANG_ENABLE_OBJC_ARC = YES;
				CLANG_WARN_BOOL_CONVERSION = YES;
				CLANG_WARN_CONSTANT_CONVERSION = YES;
				CLANG_WARN_DIRECT_OBJC_ISA_USAGE = YES_ERROR;
				CLANG_WARN_EMPTY_BODY = YES;
				CLANG_WARN_ENUM_CONVERSION = YES;
				CLANG_WARN_INT_CONVERSION = YES;
				CLANG_WARN_OBJC_ROOT_CLASS = YES_ERROR;
				CLANG_WARN_UNREACHABLE_CODE = YES;
				CLANG_WARN__DUPLICATE_METHOD_MATCH = YES;
				"CODE_SIGN_IDENTITY[sdk=iphoneos*]" = "iPhone Developer";
				COPY_PHASE_STRIP = NO;
				DEBUG_INFORMATION_FORMAT = "dwarf-with-dsym";
				ENABLE_NS_ASSERTIONS = NO;
				ENABLE_STRICT_OBJC_MSGSEND = YES;
				GCC_C_LANGUAGE_STANDARD = gnu99;
				GCC_NO_COMMON_BLOCKS = YES;
				GCC_WARN_64_TO_32_BIT_CONVERSION = YES;
				GCC_WARN_ABOUT_RETURN_TYPE = YES_ERROR;
				GCC_WARN_UNDECLARED_SELECTOR = YES;
				GCC_WARN_UNINITIALIZED_AUTOS = YES_AGGRESSIVE;
				GCC_WARN_UNUSED_FUNCTION = YES;
				GCC_WARN_UNUSED_VARIABLE = YES;
				IPHONEOS_DEPLOYMENT_TARGET = 8.3;
				MTL_ENABLE_DEBUG_INFO = NO;
				SDKROOT = iphoneos;
				VALIDATE_PRODUCT = YES;
			};
			name = Release;
		};
		183431941B1E3BFE006F2624 /* Debug */ = {
			isa = XCBuildConfiguration;
			buildSettings = {
				ASSETCATALOG_COMPILER_APPICON_NAME = AppIcon;
				INFOPLIST_FILE = "How Many Fingers/Info.plist";
				LD_RUNPATH_SEARCH_PATHS = "$(inherited) @executable_path/Frameworks";
				PRODUCT_NAME = "$(TARGET_NAME)";
			};
			name = Debug;
		};
		183431951B1E3BFE006F2624 /* Release */ = {
			isa = XCBuildConfiguration;
			buildSettings = {
				ASSETCATALOG_COMPILER_APPICON_NAME = AppIcon;
				INFOPLIST_FILE = "How Many Fingers/Info.plist";
				LD_RUNPATH_SEARCH_PATHS = "$(inherited) @executable_path/Frameworks";
				PRODUCT_NAME = "$(TARGET_NAME)";
			};
			name = Release;
		};
		183431971B1E3BFE006F2624 /* Debug */ = {
			isa = XCBuildConfiguration;
			buildSettings = {
				BUNDLE_LOADER = "$(TEST_HOST)";
				FRAMEWORK_SEARCH_PATHS = (
					"$(SDKROOT)/Developer/Library/Frameworks",
					"$(inherited)",
				);
				GCC_PREPROCESSOR_DEFINITIONS = (
					"DEBUG=1",
					"$(inherited)",
				);
				INFOPLIST_FILE = "How Many FingersTests/Info.plist";
				LD_RUNPATH_SEARCH_PATHS = "$(inherited) @executable_path/Frameworks @loader_path/Frameworks";
				PRODUCT_NAME = "$(TARGET_NAME)";
				TEST_HOST = "$(BUILT_PRODUCTS_DIR)/How Many Fingers.app/How Many Fingers";
			};
			name = Debug;
		};
		183431981B1E3BFE006F2624 /* Release */ = {
			isa = XCBuildConfiguration;
			buildSettings = {
				BUNDLE_LOADER = "$(TEST_HOST)";
				FRAMEWORK_SEARCH_PATHS = (
					"$(SDKROOT)/Developer/Library/Frameworks",
					"$(inherited)",
				);
				INFOPLIST_FILE = "How Many FingersTests/Info.plist";
				LD_RUNPATH_SEARCH_PATHS = "$(inherited) @executable_path/Frameworks @loader_path/Frameworks";
				PRODUCT_NAME = "$(TARGET_NAME)";
				TEST_HOST = "$(BUILT_PRODUCTS_DIR)/How Many Fingers.app/How Many Fingers";
			};
			name = Release;
		};
/* End XCBuildConfiguration section */

/* Begin XCConfigurationList section */
		1834316F1B1E3BFD006F2624 /* Build configuration list for PBXProject "How Many Fingers" */ = {
			isa = XCConfigurationList;
			buildConfigurations = (
				183431911B1E3BFE006F2624 /* Debug */,
				183431921B1E3BFE006F2624 /* Release */,
			);
			defaultConfigurationIsVisible = 0;
			defaultConfigurationName = Release;
		};
		183431931B1E3BFE006F2624 /* Build configuration list for PBXNativeTarget "How Many Fingers" */ = {
			isa = XCConfigurationList;
			buildConfigurations = (
				183431941B1E3BFE006F2624 /* Debug */,
				183431951B1E3BFE006F2624 /* Release */,
			);
			defaultConfigurationIsVisible = 0;
		};
		183431961B1E3BFE006F2624 /* Build configuration list for PBXNativeTarget "How Many FingersTests" */ = {
			isa = XCConfigurationList;
			buildConfigurations = (
				183431971B1E3BFE006F2624 /* Debug */,
				183431981B1E3BFE006F2624 /* Release */,
			);
			defaultConfigurationIsVisible = 0;
		};
/* End XCConfigurationList section */
	};
	rootObject = 1834316C1B1E3BFD006F2624 /* Project object */;
}
