// !$*UTF8*$!
{
	archiveVersion = 1;
	classes = {
	};
	objectVersion = 46;
	objects = {

/* Begin PBXBuildFile section */
		181367571B2EB45C00D04D73 /* AppDelegate.swift in Sources */ = {isa = PBXBuildFile; fileRef = 181367561B2EB45C00D04D73 /* AppDelegate.swift */; };
		181367591B2EB45C00D04D73 /* ViewController.swift in Sources */ = {isa = PBXBuildFile; fileRef = 181367581B2EB45C00D04D73 /* ViewController.swift */; };
		1813675C1B2EB45C00D04D73 /* Main.storyboard in Resources */ = {isa = PBXBuildFile; fileRef = 1813675A1B2EB45C00D04D73 /* Main.storyboard */; };
		1813675E1B2EB45C00D04D73 /* Images.xcassets in Resources */ = {isa = PBXBuildFile; fileRef = 1813675D1B2EB45C00D04D73 /* Images.xcassets */; };
		181367611B2EB45C00D04D73 /* LaunchScreen.xib in Resources */ = {isa = PBXBuildFile; fileRef = 1813675F1B2EB45C00D04D73 /* LaunchScreen.xib */; };
		1813676D1B2EB45C00D04D73 /* JSON_DemoTests.swift in Sources */ = {isa = PBXBuildFile; fileRef = 1813676C1B2EB45C00D04D73 /* JSON_DemoTests.swift */; };
/* End PBXBuildFile section */

/* Begin PBXContainerItemProxy section */
		181367671B2EB45C00D04D73 /* PBXContainerItemProxy */ = {
			isa = PBXContainerItemProxy;
			containerPortal = 181367491B2EB45C00D04D73 /* Project object */;
			proxyType = 1;
			remoteGlobalIDString = 181367501B2EB45C00D04D73;
			remoteInfo = "JSON Demo";
		};
/* End PBXContainerItemProxy section */

/* Begin PBXFileReference section */
		181367511B2EB45C00D04D73 /* JSON Demo.app */ = {isa = PBXFileReference; explicitFileType = wrapper.application; includeInIndex = 0; path = "JSON Demo.app"; sourceTree = BUILT_PRODUCTS_DIR; };
		181367551B2EB45C00D04D73 /* Info.plist */ = {isa = PBXFileReference; lastKnownFileType = text.plist.xml; path = Info.plist; sourceTree = "<group>"; };
		181367561B2EB45C00D04D73 /* AppDelegate.swift */ = {isa = PBXFileReference; lastKnownFileType = sourcecode.swift; path = AppDelegate.swift; sourceTree = "<group>"; };
		181367581B2EB45C00D04D73 /* ViewController.swift */ = {isa = PBXFileReference; lastKnownFileType = sourcecode.swift; path = ViewController.swift; sourceTree = "<group>"; };
		1813675B1B2EB45C00D04D73 /* Base */ = {isa = PBXFileReference; lastKnownFileType = file.storyboard; name = Base; path = Base.lproj/Main.storyboard; sourceTree = "<group>"; };
		1813675D1B2EB45C00D04D73 /* Images.xcassets */ = {isa = PBXFileReference; lastKnownFileType = folder.assetcatalog; path = Images.xcassets; sourceTree = "<group>"; };
		181367601B2EB45C00D04D73 /* Base */ = {isa = PBXFileReference; lastKnownFileType = file.xib; name = Base; path = Base.lproj/LaunchScreen.xib; sourceTree = "<group>"; };
		181367661B2EB45C00D04D73 /* JSON DemoTests.xctest */ = {isa = PBXFileReference; explicitFileType = wrapper.cfbundle; includeInIndex = 0; path = "JSON DemoTests.xctest"; sourceTree = BUILT_PRODUCTS_DIR; };
		1813676B1B2EB45C00D04D73 /* Info.plist */ = {isa = PBXFileReference; lastKnownFileType = text.plist.xml; path = Info.plist; sourceTree = "<group>"; };
		1813676C1B2EB45C00D04D73 /* JSON_DemoTests.swift */ = {isa = PBXFileReference; lastKnownFileType = sourcecode.swift; path = JSON_DemoTests.swift; sourceTree = "<group>"; };
/* End PBXFileReference section */

/* Begin PBXFrameworksBuildPhase section */
		1813674E1B2EB45C00D04D73 /* Frameworks */ = {
			isa = PBXFrameworksBuildPhase;
			buildActionMask = 2147483647;
			files = (
			);
			runOnlyForDeploymentPostprocessing = 0;
		};
		181367631B2EB45C00D04D73 /* Frameworks */ = {
			isa = PBXFrameworksBuildPhase;
			buildActionMask = 2147483647;
			files = (
			);
			runOnlyForDeploymentPostprocessing = 0;
		};
/* End PBXFrameworksBuildPhase section */

/* Begin PBXGroup section */
		181367481B2EB45C00D04D73 = {
			isa = PBXGroup;
			children = (
				181367531B2EB45C00D04D73 /* JSON Demo */,
				181367691B2EB45C00D04D73 /* JSON DemoTests */,
				181367521B2EB45C00D04D73 /* Products */,
			);
			sourceTree = "<group>";
		};
		181367521B2EB45C00D04D73 /* Products */ = {
			isa = PBXGroup;
			children = (
				181367511B2EB45C00D04D73 /* JSON Demo.app */,
				181367661B2EB45C00D04D73 /* JSON DemoTests.xctest */,
			);
			name = Products;
			sourceTree = "<group>";
		};
		181367531B2EB45C00D04D73 /* JSON Demo */ = {
			isa = PBXGroup;
			children = (
				181367561B2EB45C00D04D73 /* AppDelegate.swift */,
				181367581B2EB45C00D04D73 /* ViewController.swift */,
				1813675A1B2EB45C00D04D73 /* Main.storyboard */,
				1813675D1B2EB45C00D04D73 /* Images.xcassets */,
				1813675F1B2EB45C00D04D73 /* LaunchScreen.xib */,
				181367541B2EB45C00D04D73 /* Supporting Files */,
			);
			path = "JSON Demo";
			sourceTree = "<group>";
		};
		181367541B2EB45C00D04D73 /* Supporting Files */ = {
			isa = PBXGroup;
			children = (
				181367551B2EB45C00D04D73 /* Info.plist */,
			);
			name = "Supporting Files";
			sourceTree = "<group>";
		};
		181367691B2EB45C00D04D73 /* JSON DemoTests */ = {
			isa = PBXGroup;
			children = (
				1813676C1B2EB45C00D04D73 /* JSON_DemoTests.swift */,
				1813676A1B2EB45C00D04D73 /* Supporting Files */,
			);
			path = "JSON DemoTests";
			sourceTree = "<group>";
		};
		1813676A1B2EB45C00D04D73 /* Supporting Files */ = {
			isa = PBXGroup;
			children = (
				1813676B1B2EB45C00D04D73 /* Info.plist */,
			);
			name = "Supporting Files";
			sourceTree = "<group>";
		};
/* End PBXGroup section */

/* Begin PBXNativeTarget section */
		181367501B2EB45C00D04D73 /* JSON Demo */ = {
			isa = PBXNativeTarget;
			buildConfigurationList = 181367701B2EB45C00D04D73 /* Build configuration list for PBXNativeTarget "JSON Demo" */;
			buildPhases = (
				1813674D1B2EB45C00D04D73 /* Sources */,
				1813674E1B2EB45C00D04D73 /* Frameworks */,
				1813674F1B2EB45C00D04D73 /* Resources */,
			);
			buildRules = (
			);
			dependencies = (
			);
			name = "JSON Demo";
			productName = "JSON Demo";
			productReference = 181367511B2EB45C00D04D73 /* JSON Demo.app */;
			productType = "com.apple.product-type.application";
		};
		181367651B2EB45C00D04D73 /* JSON DemoTests */ = {
			isa = PBXNativeTarget;
			buildConfigurationList = 181367731B2EB45C00D04D73 /* Build configuration list for PBXNativeTarget "JSON DemoTests" */;
			buildPhases = (
				181367621B2EB45C00D04D73 /* Sources */,
				181367631B2EB45C00D04D73 /* Frameworks */,
				181367641B2EB45C00D04D73 /* Resources */,
			);
			buildRules = (
			);
			dependencies = (
				181367681B2EB45C00D04D73 /* PBXTargetDependency */,
			);
			name = "JSON DemoTests";
			productName = "JSON DemoTests";
			productReference = 181367661B2EB45C00D04D73 /* JSON DemoTests.xctest */;
			productType = "com.apple.product-type.bundle.unit-test";
		};
/* End PBXNativeTarget section */

/* Begin PBXProject section */
		181367491B2EB45C00D04D73 /* Project object */ = {
			isa = PBXProject;
			attributes = {
				LastUpgradeCheck = 0630;
				ORGANIZATIONNAME = Zia_Ahmed;
				TargetAttributes = {
					181367501B2EB45C00D04D73 = {
						CreatedOnToolsVersion = 6.3.2;
					};
					181367651B2EB45C00D04D73 = {
						CreatedOnToolsVersion = 6.3.2;
						TestTargetID = 181367501B2EB45C00D04D73;
					};
				};
			};
			buildConfigurationList = 1813674C1B2EB45C00D04D73 /* Build configuration list for PBXProject "JSON Demo" */;
			compatibilityVersion = "Xcode 3.2";
			developmentRegion = English;
			hasScannedForEncodings = 0;
			knownRegions = (
				en,
				Base,
			);
			mainGroup = 181367481B2EB45C00D04D73;
			productRefGroup = 181367521B2EB45C00D04D73 /* Products */;
			projectDirPath = "";
			projectRoot = "";
			targets = (
				181367501B2EB45C00D04D73 /* JSON Demo */,
				181367651B2EB45C00D04D73 /* JSON DemoTests */,
			);
		};
/* End PBXProject section */

/* Begin PBXResourcesBuildPhase section */
		1813674F1B2EB45C00D04D73 /* Resources */ = {
			isa = PBXResourcesBuildPhase;
			buildActionMask = 2147483647;
			files = (
				1813675C1B2EB45C00D04D73 /* Main.storyboard in Resources */,
				181367611B2EB45C00D04D73 /* LaunchScreen.xib in Resources */,
				1813675E1B2EB45C00D04D73 /* Images.xcassets in Resources */,
			);
			runOnlyForDeploymentPostprocessing = 0;
		};
		181367641B2EB45C00D04D73 /* Resources */ = {
			isa = PBXResourcesBuildPhase;
			buildActionMask = 2147483647;
			files = (
			);
			runOnlyForDeploymentPostprocessing = 0;
		};
/* End PBXResourcesBuildPhase section */

/* Begin PBXSourcesBuildPhase section */
		1813674D1B2EB45C00D04D73 /* Sources */ = {
			isa = PBXSourcesBuildPhase;
			buildActionMask = 2147483647;
			files = (
				181367591B2EB45C00D04D73 /* ViewController.swift in Sources */,
				181367571B2EB45C00D04D73 /* AppDelegate.swift in Sources */,
			);
			runOnlyForDeploymentPostprocessing = 0;
		};
		181367621B2EB45C00D04D73 /* Sources */ = {
			isa = PBXSourcesBuildPhase;
			buildActionMask = 2147483647;
			files = (
				1813676D1B2EB45C00D04D73 /* JSON_DemoTests.swift in Sources */,
			);
			runOnlyForDeploymentPostprocessing = 0;
		};
/* End PBXSourcesBuildPhase section */

/* Begin PBXTargetDependency section */
		181367681B2EB45C00D04D73 /* PBXTargetDependency */ = {
			isa = PBXTargetDependency;
			target = 181367501B2EB45C00D04D73 /* JSON Demo */;
			targetProxy = 181367671B2EB45C00D04D73 /* PBXContainerItemProxy */;
		};
/* End PBXTargetDependency section */

/* Begin PBXVariantGroup section */
		1813675A1B2EB45C00D04D73 /* Main.storyboard */ = {
			isa = PBXVariantGroup;
			children = (
				1813675B1B2EB45C00D04D73 /* Base */,
			);
			name = Main.storyboard;
			sourceTree = "<group>";
		};
		1813675F1B2EB45C00D04D73 /* LaunchScreen.xib */ = {
			isa = PBXVariantGroup;
			children = (
				181367601B2EB45C00D04D73 /* Base */,
			);
			name = LaunchScreen.xib;
			sourceTree = "<group>";
		};
/* End PBXVariantGroup section */

/* Begin XCBuildConfiguration section */
		1813676E1B2EB45C00D04D73 /* Debug */ = {
			isa = XCBuildConfiguration;
			buildSettings = {
				ALWAYS_SEARCH_USER_PATHS = NO;
				CLANG_CXX_LANGUAGE_STANDARD = "gnu++0x";
				CLANG_CXX_LIBRARY = "libc++";
				CLANG_ENABLE_MODULES = YES;
				CLANG_ENABLE_OBJC_ARC = YES;
				CLANG_WARN_BOOL_CONVERSION = YES;
				CLANG_WARN_CONSTANT_CONVERSION = YES;
				CLANG_WARN_DIRECT_OBJC_ISA_USAGE = YES_ERROR;
				CLANG_WARN_EMPTY_BODY = YES;
				CLANG_WARN_ENUM_CONVERSION = YES;
				CLANG_WARN_INT_CONVERSION = YES;
				CLANG_WARN_OBJC_ROOT_CLASS = YES_ERROR;
				CLANG_WARN_UNREACHABLE_CODE = YES;
				CLANG_WARN__DUPLICATE_METHOD_MATCH = YES;
				"CODE_SIGN_IDENTITY[sdk=iphoneos*]" = "iPhone Developer";
				COPY_PHASE_STRIP = NO;
				DEBUG_INFORMATION_FORMAT = "dwarf-with-dsym";
				ENABLE_STRICT_OBJC_MSGSEND = YES;
				GCC_C_LANGUAGE_STANDARD = gnu99;
				GCC_DYNAMIC_NO_PIC = NO;
				GCC_NO_COMMON_BLOCKS = YES;
				GCC_OPTIMIZATION_LEVEL = 0;
				GCC_PREPROCESSOR_DEFINITIONS = (
					"DEBUG=1",
					"$(inherited)",
				);
				GCC_SYMBOLS_PRIVATE_EXTERN = NO;
				GCC_WARN_64_TO_32_BIT_CONVERSION = YES;
				GCC_WARN_ABOUT_RETURN_TYPE = YES_ERROR;
				GCC_WARN_UNDECLARED_SELECTOR = YES;
				GCC_WARN_UNINITIALIZED_AUTOS = YES_AGGRESSIVE;
				GCC_WARN_UNUSED_FUNCTION = YES;
				GCC_WARN_UNUSED_VARIABLE = YES;
				IPHONEOS_DEPLOYMENT_TARGET = 8.3;
				MTL_ENABLE_DEBUG_INFO = YES;
				ONLY_ACTIVE_ARCH = YES;
				SDKROOT = iphoneos;
				SWIFT_OPTIMIZATION_LEVEL = "-Onone";
			};
			name = Debug;
		};
		1813676F1B2EB45C00D04D73 /* Release */ = {
			isa = XCBuildConfiguration;
			buildSettings = {
				ALWAYS_SEARCH_USER_PATHS = NO;
				CLANG_CXX_LANGUAGE_STANDARD = "gnu++0x";
				CLANG_CXX_LIBRARY = "libc++";
				CLANG_ENABLE_MODULES = YES;
				CLANG_ENABLE_OBJC_ARC = YES;
				CLANG_WARN_BOOL_CONVERSION = YES;
				CLANG_WARN_CONSTANT_CONVERSION = YES;
				CLANG_WARN_DIRECT_OBJC_ISA_USAGE = YES_ERROR;
				CLANG_WARN_EMPTY_BODY = YES;
				CLANG_WARN_ENUM_CONVERSION = YES;
				CLANG_WARN_INT_CONVERSION = YES;
				CLANG_WARN_OBJC_ROOT_CLASS = YES_ERROR;
				CLANG_WARN_UNREACHABLE_CODE = YES;
				CLANG_WARN__DUPLICATE_METHOD_MATCH = YES;
				"CODE_SIGN_IDENTITY[sdk=iphoneos*]" = "iPhone Developer";
				COPY_PHASE_STRIP = NO;
				DEBUG_INFORMATION_FORMAT = "dwarf-with-dsym";
				ENABLE_NS_ASSERTIONS = NO;
				ENABLE_STRICT_OBJC_MSGSEND = YES;
				GCC_C_LANGUAGE_STANDARD = gnu99;
				GCC_NO_COMMON_BLOCKS = YES;
				GCC_WARN_64_TO_32_BIT_CONVERSION = YES;
				GCC_WARN_ABOUT_RETURN_TYPE = YES_ERROR;
				GCC_WARN_UNDECLARED_SELECTOR = YES;
				GCC_WARN_UNINITIALIZED_AUTOS = YES_AGGRESSIVE;
				GCC_WARN_UNUSED_FUNCTION = YES;
				GCC_WARN_UNUSED_VARIABLE = YES;
				IPHONEOS_DEPLOYMENT_TARGET = 8.3;
				MTL_ENABLE_DEBUG_INFO = NO;
				SDKROOT = iphoneos;
				VALIDATE_PRODUCT = YES;
			};
			name = Release;
		};
		181367711B2EB45C00D04D73 /* Debug */ = {
			isa = XCBuildConfiguration;
			buildSettings = {
				ASSETCATALOG_COMPILER_APPICON_NAME = AppIcon;
				INFOPLIST_FILE = "JSON Demo/Info.plist";
				LD_RUNPATH_SEARCH_PATHS = "$(inherited) @executable_path/Frameworks";
				PRODUCT_NAME = "$(TARGET_NAME)";
			};
			name = Debug;
		};
		181367721B2EB45C00D04D73 /* Release */ = {
			isa = XCBuildConfiguration;
			buildSettings = {
				ASSETCATALOG_COMPILER_APPICON_NAME = AppIcon;
				INFOPLIST_FILE = "JSON Demo/Info.plist";
				LD_RUNPATH_SEARCH_PATHS = "$(inherited) @executable_path/Frameworks";
				PRODUCT_NAME = "$(TARGET_NAME)";
			};
			name = Release;
		};
		181367741B2EB45C00D04D73 /* Debug */ = {
			isa = XCBuildConfiguration;
			buildSettings = {
				BUNDLE_LOADER = "$(TEST_HOST)";
				FRAMEWORK_SEARCH_PATHS = (
					"$(SDKROOT)/Developer/Library/Frameworks",
					"$(inherited)",
				);
				GCC_PREPROCESSOR_DEFINITIONS = (
					"DEBUG=1",
					"$(inherited)",
				);
				INFOPLIST_FILE = "JSON DemoTests/Info.plist";
				LD_RUNPATH_SEARCH_PATHS = "$(inherited) @executable_path/Frameworks @loader_path/Frameworks";
				PRODUCT_NAME = "$(TARGET_NAME)";
				TEST_HOST = "$(BUILT_PRODUCTS_DIR)/JSON Demo.app/JSON Demo";
			};
			name = Debug;
		};
		181367751B2EB45C00D04D73 /* Release */ = {
			isa = XCBuildConfiguration;
			buildSettings = {
				BUNDLE_LOADER = "$(TEST_HOST)";
				FRAMEWORK_SEARCH_PATHS = (
					"$(SDKROOT)/Developer/Library/Frameworks",
					"$(inherited)",
				);
				INFOPLIST_FILE = "JSON DemoTests/Info.plist";
				LD_RUNPATH_SEARCH_PATHS = "$(inherited) @executable_path/Frameworks @loader_path/Frameworks";
				PRODUCT_NAME = "$(TARGET_NAME)";
				TEST_HOST = "$(BUILT_PRODUCTS_DIR)/JSON Demo.app/JSON Demo";
			};
			name = Release;
		};
/* End XCBuildConfiguration section */

/* Begin XCConfigurationList section */
		1813674C1B2EB45C00D04D73 /* Build configuration list for PBXProject "JSON Demo" */ = {
			isa = XCConfigurationList;
			buildConfigurations = (
				1813676E1B2EB45C00D04D73 /* Debug */,
				1813676F1B2EB45C00D04D73 /* Release */,
			);
			defaultConfigurationIsVisible = 0;
			defaultConfigurationName = Release;
		};
		181367701B2EB45C00D04D73 /* Build configuration list for PBXNativeTarget "JSON Demo" */ = {
			isa = XCConfigurationList;
			buildConfigurations = (
				181367711B2EB45C00D04D73 /* Debug */,
				181367721B2EB45C00D04D73 /* Release */,
			);
			defaultConfigurationIsVisible = 0;
		};
		181367731B2EB45C00D04D73 /* Build configuration list for PBXNativeTarget "JSON DemoTests" */ = {
			isa = XCConfigurationList;
			buildConfigurations = (
				181367741B2EB45C00D04D73 /* Debug */,
				181367751B2EB45C00D04D73 /* Release */,
			);
			defaultConfigurationIsVisible = 0;
		};
/* End XCConfigurationList section */
	};
	rootObject = 181367491B2EB45C00D04D73 /* Project object */;
}
