// !$*UTF8*$!
{
	archiveVersion = 1;
	classes = {
	};
	objectVersion = 46;
	objects = {

/* Begin PBXBuildFile section */
		185804D21B34812000A3CF44 /* AppDelegate.swift in Sources */ = {isa = PBXBuildFile; fileRef = 185804D11B34812000A3CF44 /* AppDelegate.swift */; };
		185804D41B34812000A3CF44 /* ViewController.swift in Sources */ = {isa = PBXBuildFile; fileRef = 185804D31B34812000A3CF44 /* ViewController.swift */; };
		185804D71B34812000A3CF44 /* Main.storyboard in Resources */ = {isa = PBXBuildFile; fileRef = 185804D51B34812000A3CF44 /* Main.storyboard */; };
		185804D91B34812000A3CF44 /* Images.xcassets in Resources */ = {isa = PBXBuildFile; fileRef = 185804D81B34812000A3CF44 /* Images.xcassets */; };
		185804DC1B34812000A3CF44 /* LaunchScreen.xib in Resources */ = {isa = PBXBuildFile; fileRef = 185804DA1B34812000A3CF44 /* LaunchScreen.xib */; };
		185804E81B34812000A3CF44 /* DraggingTests.swift in Sources */ = {isa = PBXBuildFile; fileRef = 185804E71B34812000A3CF44 /* DraggingTests.swift */; };
/* End PBXBuildFile section */

/* Begin PBXContainerItemProxy section */
		185804E21B34812000A3CF44 /* PBXContainerItemProxy */ = {
			isa = PBXContainerItemProxy;
			containerPortal = 185804C41B34812000A3CF44 /* Project object */;
			proxyType = 1;
			remoteGlobalIDString = 185804CB1B34812000A3CF44;
			remoteInfo = Dragging;
		};
/* End PBXContainerItemProxy section */

/* Begin PBXFileReference section */
		185804CC1B34812000A3CF44 /* Dragging.app */ = {isa = PBXFileReference; explicitFileType = wrapper.application; includeInIndex = 0; path = Dragging.app; sourceTree = BUILT_PRODUCTS_DIR; };
		185804D01B34812000A3CF44 /* Info.plist */ = {isa = PBXFileReference; lastKnownFileType = text.plist.xml; path = Info.plist; sourceTree = "<group>"; };
		185804D11B34812000A3CF44 /* AppDelegate.swift */ = {isa = PBXFileReference; lastKnownFileType = sourcecode.swift; path = AppDelegate.swift; sourceTree = "<group>"; };
		185804D31B34812000A3CF44 /* ViewController.swift */ = {isa = PBXFileReference; lastKnownFileType = sourcecode.swift; path = ViewController.swift; sourceTree = "<group>"; };
		185804D61B34812000A3CF44 /* Base */ = {isa = PBXFileReference; lastKnownFileType = file.storyboard; name = Base; path = Base.lproj/Main.storyboard; sourceTree = "<group>"; };
		185804D81B34812000A3CF44 /* Images.xcassets */ = {isa = PBXFileReference; lastKnownFileType = folder.assetcatalog; path = Images.xcassets; sourceTree = "<group>"; };
		185804DB1B34812000A3CF44 /* Base */ = {isa = PBXFileReference; lastKnownFileType = file.xib; name = Base; path = Base.lproj/LaunchScreen.xib; sourceTree = "<group>"; };
		185804E11B34812000A3CF44 /* DraggingTests.xctest */ = {isa = PBXFileReference; explicitFileType = wrapper.cfbundle; includeInIndex = 0; path = DraggingTests.xctest; sourceTree = BUILT_PRODUCTS_DIR; };
		185804E61B34812000A3CF44 /* Info.plist */ = {isa = PBXFileReference; lastKnownFileType = text.plist.xml; path = Info.plist; sourceTree = "<group>"; };
		185804E71B34812000A3CF44 /* DraggingTests.swift */ = {isa = PBXFileReference; lastKnownFileType = sourcecode.swift; path = DraggingTests.swift; sourceTree = "<group>"; };
/* End PBXFileReference section */

/* Begin PBXFrameworksBuildPhase section */
		185804C91B34812000A3CF44 /* Frameworks */ = {
			isa = PBXFrameworksBuildPhase;
			buildActionMask = 2147483647;
			files = (
			);
			runOnlyForDeploymentPostprocessing = 0;
		};
		185804DE1B34812000A3CF44 /* Frameworks */ = {
			isa = PBXFrameworksBuildPhase;
			buildActionMask = 2147483647;
			files = (
			);
			runOnlyForDeploymentPostprocessing = 0;
		};
/* End PBXFrameworksBuildPhase section */

/* Begin PBXGroup section */
		185804C31B34812000A3CF44 = {
			isa = PBXGroup;
			children = (
				185804CE1B34812000A3CF44 /* Dragging */,
				185804E41B34812000A3CF44 /* DraggingTests */,
				185804CD1B34812000A3CF44 /* Products */,
			);
			sourceTree = "<group>";
		};
		185804CD1B34812000A3CF44 /* Products */ = {
			isa = PBXGroup;
			children = (
				185804CC1B34812000A3CF44 /* Dragging.app */,
				185804E11B34812000A3CF44 /* DraggingTests.xctest */,
			);
			name = Products;
			sourceTree = "<group>";
		};
		185804CE1B34812000A3CF44 /* Dragging */ = {
			isa = PBXGroup;
			children = (
				185804D11B34812000A3CF44 /* AppDelegate.swift */,
				185804D31B34812000A3CF44 /* ViewController.swift */,
				185804D51B34812000A3CF44 /* Main.storyboard */,
				185804D81B34812000A3CF44 /* Images.xcassets */,
				185804DA1B34812000A3CF44 /* LaunchScreen.xib */,
				185804CF1B34812000A3CF44 /* Supporting Files */,
			);
			path = Dragging;
			sourceTree = "<group>";
		};
		185804CF1B34812000A3CF44 /* Supporting Files */ = {
			isa = PBXGroup;
			children = (
				185804D01B34812000A3CF44 /* Info.plist */,
			);
			name = "Supporting Files";
			sourceTree = "<group>";
		};
		185804E41B34812000A3CF44 /* DraggingTests */ = {
			isa = PBXGroup;
			children = (
				185804E71B34812000A3CF44 /* DraggingTests.swift */,
				185804E51B34812000A3CF44 /* Supporting Files */,
			);
			path = DraggingTests;
			sourceTree = "<group>";
		};
		185804E51B34812000A3CF44 /* Supporting Files */ = {
			isa = PBXGroup;
			children = (
				185804E61B34812000A3CF44 /* Info.plist */,
			);
			name = "Supporting Files";
			sourceTree = "<group>";
		};
/* End PBXGroup section */

/* Begin PBXNativeTarget section */
		185804CB1B34812000A3CF44 /* Dragging */ = {
			isa = PBXNativeTarget;
			buildConfigurationList = 185804EB1B34812000A3CF44 /* Build configuration list for PBXNativeTarget "Dragging" */;
			buildPhases = (
				185804C81B34812000A3CF44 /* Sources */,
				185804C91B34812000A3CF44 /* Frameworks */,
				185804CA1B34812000A3CF44 /* Resources */,
			);
			buildRules = (
			);
			dependencies = (
			);
			name = Dragging;
			productName = Dragging;
			productReference = 185804CC1B34812000A3CF44 /* Dragging.app */;
			productType = "com.apple.product-type.application";
		};
		185804E01B34812000A3CF44 /* DraggingTests */ = {
			isa = PBXNativeTarget;
			buildConfigurationList = 185804EE1B34812000A3CF44 /* Build configuration list for PBXNativeTarget "DraggingTests" */;
			buildPhases = (
				185804DD1B34812000A3CF44 /* Sources */,
				185804DE1B34812000A3CF44 /* Frameworks */,
				185804DF1B34812000A3CF44 /* Resources */,
			);
			buildRules = (
			);
			dependencies = (
				185804E31B34812000A3CF44 /* PBXTargetDependency */,
			);
			name = DraggingTests;
			productName = DraggingTests;
			productReference = 185804E11B34812000A3CF44 /* DraggingTests.xctest */;
			productType = "com.apple.product-type.bundle.unit-test";
		};
/* End PBXNativeTarget section */

/* Begin PBXProject section */
		185804C41B34812000A3CF44 /* Project object */ = {
			isa = PBXProject;
			attributes = {
				LastUpgradeCheck = 0630;
				ORGANIZATIONNAME = Zia_Ahmed;
				TargetAttributes = {
					185804CB1B34812000A3CF44 = {
						CreatedOnToolsVersion = 6.3.2;
					};
					185804E01B34812000A3CF44 = {
						CreatedOnToolsVersion = 6.3.2;
						TestTargetID = 185804CB1B34812000A3CF44;
					};
				};
			};
			buildConfigurationList = 185804C71B34812000A3CF44 /* Build configuration list for PBXProject "Dragging" */;
			compatibilityVersion = "Xcode 3.2";
			developmentRegion = English;
			hasScannedForEncodings = 0;
			knownRegions = (
				en,
				Base,
			);
			mainGroup = 185804C31B34812000A3CF44;
			productRefGroup = 185804CD1B34812000A3CF44 /* Products */;
			projectDirPath = "";
			projectRoot = "";
			targets = (
				185804CB1B34812000A3CF44 /* Dragging */,
				185804E01B34812000A3CF44 /* DraggingTests */,
			);
		};
/* End PBXProject section */

/* Begin PBXResourcesBuildPhase section */
		185804CA1B34812000A3CF44 /* Resources */ = {
			isa = PBXResourcesBuildPhase;
			buildActionMask = 2147483647;
			files = (
				185804D71B34812000A3CF44 /* Main.storyboard in Resources */,
				185804DC1B34812000A3CF44 /* LaunchScreen.xib in Resources */,
				185804D91B34812000A3CF44 /* Images.xcassets in Resources */,
			);
			runOnlyForDeploymentPostprocessing = 0;
		};
		185804DF1B34812000A3CF44 /* Resources */ = {
			isa = PBXResourcesBuildPhase;
			buildActionMask = 2147483647;
			files = (
			);
			runOnlyForDeploymentPostprocessing = 0;
		};
/* End PBXResourcesBuildPhase section */

/* Begin PBXSourcesBuildPhase section */
		185804C81B34812000A3CF44 /* Sources */ = {
			isa = PBXSourcesBuildPhase;
			buildActionMask = 2147483647;
			files = (
				185804D41B34812000A3CF44 /* ViewController.swift in Sources */,
				185804D21B34812000A3CF44 /* AppDelegate.swift in Sources */,
			);
			runOnlyForDeploymentPostprocessing = 0;
		};
		185804DD1B34812000A3CF44 /* Sources */ = {
			isa = PBXSourcesBuildPhase;
			buildActionMask = 2147483647;
			files = (
				185804E81B34812000A3CF44 /* DraggingTests.swift in Sources */,
			);
			runOnlyForDeploymentPostprocessing = 0;
		};
/* End PBXSourcesBuildPhase section */

/* Begin PBXTargetDependency section */
		185804E31B34812000A3CF44 /* PBXTargetDependency */ = {
			isa = PBXTargetDependency;
			target = 185804CB1B34812000A3CF44 /* Dragging */;
			targetProxy = 185804E21B34812000A3CF44 /* PBXContainerItemProxy */;
		};
/* End PBXTargetDependency section */

/* Begin PBXVariantGroup section */
		185804D51B34812000A3CF44 /* Main.storyboard */ = {
			isa = PBXVariantGroup;
			children = (
				185804D61B34812000A3CF44 /* Base */,
			);
			name = Main.storyboard;
			sourceTree = "<group>";
		};
		185804DA1B34812000A3CF44 /* LaunchScreen.xib */ = {
			isa = PBXVariantGroup;
			children = (
				185804DB1B34812000A3CF44 /* Base */,
			);
			name = LaunchScreen.xib;
			sourceTree = "<group>";
		};
/* End PBXVariantGroup section */

/* Begin XCBuildConfiguration section */
		185804E91B34812000A3CF44 /* Debug */ = {
			isa = XCBuildConfiguration;
			buildSettings = {
				ALWAYS_SEARCH_USER_PATHS = NO;
				CLANG_CXX_LANGUAGE_STANDARD = "gnu++0x";
				CLANG_CXX_LIBRARY = "libc++";
				CLANG_ENABLE_MODULES = YES;
				CLANG_ENABLE_OBJC_ARC = YES;
				CLANG_WARN_BOOL_CONVERSION = YES;
				CLANG_WARN_CONSTANT_CONVERSION = YES;
				CLANG_WARN_DIRECT_OBJC_ISA_USAGE = YES_ERROR;
				CLANG_WARN_EMPTY_BODY = YES;
				CLANG_WARN_ENUM_CONVERSION = YES;
				CLANG_WARN_INT_CONVERSION = YES;
				CLANG_WARN_OBJC_ROOT_CLASS = YES_ERROR;
				CLANG_WARN_UNREACHABLE_CODE = YES;
				CLANG_WARN__DUPLICATE_METHOD_MATCH = YES;
				"CODE_SIGN_IDENTITY[sdk=iphoneos*]" = "iPhone Developer";
				COPY_PHASE_STRIP = NO;
				DEBUG_INFORMATION_FORMAT = "dwarf-with-dsym";
				ENABLE_STRICT_OBJC_MSGSEND = YES;
				GCC_C_LANGUAGE_STANDARD = gnu99;
				GCC_DYNAMIC_NO_PIC = NO;
				GCC_NO_COMMON_BLOCKS = YES;
				GCC_OPTIMIZATION_LEVEL = 0;
				GCC_PREPROCESSOR_DEFINITIONS = (
					"DEBUG=1",
					"$(inherited)",
				);
				GCC_SYMBOLS_PRIVATE_EXTERN = NO;
				GCC_WARN_64_TO_32_BIT_CONVERSION = YES;
				GCC_WARN_ABOUT_RETURN_TYPE = YES_ERROR;
				GCC_WARN_UNDECLARED_SELECTOR = YES;
				GCC_WARN_UNINITIALIZED_AUTOS = YES_AGGRESSIVE;
				GCC_WARN_UNUSED_FUNCTION = YES;
				GCC_WARN_UNUSED_VARIABLE = YES;
				IPHONEOS_DEPLOYMENT_TARGET = 8.3;
				MTL_ENABLE_DEBUG_INFO = YES;
				ONLY_ACTIVE_ARCH = YES;
				SDKROOT = iphoneos;
				SWIFT_OPTIMIZATION_LEVEL = "-Onone";
			};
			name = Debug;
		};
		185804EA1B34812000A3CF44 /* Release */ = {
			isa = XCBuildConfiguration;
			buildSettings = {
				ALWAYS_SEARCH_USER_PATHS = NO;
				CLANG_CXX_LANGUAGE_STANDARD = "gnu++0x";
				CLANG_CXX_LIBRARY = "libc++";
				CLANG_ENABLE_MODULES = YES;
				CLANG_ENABLE_OBJC_ARC = YES;
				CLANG_WARN_BOOL_CONVERSION = YES;
				CLANG_WARN_CONSTANT_CONVERSION = YES;
				CLANG_WARN_DIRECT_OBJC_ISA_USAGE = YES_ERROR;
				CLANG_WARN_EMPTY_BODY = YES;
				CLANG_WARN_ENUM_CONVERSION = YES;
				CLANG_WARN_INT_CONVERSION = YES;
				CLANG_WARN_OBJC_ROOT_CLASS = YES_ERROR;
				CLANG_WARN_UNREACHABLE_CODE = YES;
				CLANG_WARN__DUPLICATE_METHOD_MATCH = YES;
				"CODE_SIGN_IDENTITY[sdk=iphoneos*]" = "iPhone Developer";
				COPY_PHASE_STRIP = NO;
				DEBUG_INFORMATION_FORMAT = "dwarf-with-dsym";
				ENABLE_NS_ASSERTIONS = NO;
				ENABLE_STRICT_OBJC_MSGSEND = YES;
				GCC_C_LANGUAGE_STANDARD = gnu99;
				GCC_NO_COMMON_BLOCKS = YES;
				GCC_WARN_64_TO_32_BIT_CONVERSION = YES;
				GCC_WARN_ABOUT_RETURN_TYPE = YES_ERROR;
				GCC_WARN_UNDECLARED_SELECTOR = YES;
				GCC_WARN_UNINITIALIZED_AUTOS = YES_AGGRESSIVE;
				GCC_WARN_UNUSED_FUNCTION = YES;
				GCC_WARN_UNUSED_VARIABLE = YES;
				IPHONEOS_DEPLOYMENT_TARGET = 8.3;
				MTL_ENABLE_DEBUG_INFO = NO;
				SDKROOT = iphoneos;
				VALIDATE_PRODUCT = YES;
			};
			name = Release;
		};
		185804EC1B34812000A3CF44 /* Debug */ = {
			isa = XCBuildConfiguration;
			buildSettings = {
				ASSETCATALOG_COMPILER_APPICON_NAME = AppIcon;
				INFOPLIST_FILE = Dragging/Info.plist;
				LD_RUNPATH_SEARCH_PATHS = "$(inherited) @executable_path/Frameworks";
				PRODUCT_NAME = "$(TARGET_NAME)";
			};
			name = Debug;
		};
		185804ED1B34812000A3CF44 /* Release */ = {
			isa = XCBuildConfiguration;
			buildSettings = {
				ASSETCATALOG_COMPILER_APPICON_NAME = AppIcon;
				INFOPLIST_FILE = Dragging/Info.plist;
				LD_RUNPATH_SEARCH_PATHS = "$(inherited) @executable_path/Frameworks";
				PRODUCT_NAME = "$(TARGET_NAME)";
			};
			name = Release;
		};
		185804EF1B34812000A3CF44 /* Debug */ = {
			isa = XCBuildConfiguration;
			buildSettings = {
				BUNDLE_LOADER = "$(TEST_HOST)";
				FRAMEWORK_SEARCH_PATHS = (
					"$(SDKROOT)/Developer/Library/Frameworks",
					"$(inherited)",
				);
				GCC_PREPROCESSOR_DEFINITIONS = (
					"DEBUG=1",
					"$(inherited)",
				);
				INFOPLIST_FILE = DraggingTests/Info.plist;
				LD_RUNPATH_SEARCH_PATHS = "$(inherited) @executable_path/Frameworks @loader_path/Frameworks";
				PRODUCT_NAME = "$(TARGET_NAME)";
				TEST_HOST = "$(BUILT_PRODUCTS_DIR)/Dragging.app/Dragging";
			};
			name = Debug;
		};
		185804F01B34812000A3CF44 /* Release */ = {
			isa = XCBuildConfiguration;
			buildSettings = {
				BUNDLE_LOADER = "$(TEST_HOST)";
				FRAMEWORK_SEARCH_PATHS = (
					"$(SDKROOT)/Developer/Library/Frameworks",
					"$(inherited)",
				);
				INFOPLIST_FILE = DraggingTests/Info.plist;
				LD_RUNPATH_SEARCH_PATHS = "$(inherited) @executable_path/Frameworks @loader_path/Frameworks";
				PRODUCT_NAME = "$(TARGET_NAME)";
				TEST_HOST = "$(BUILT_PRODUCTS_DIR)/Dragging.app/Dragging";
			};
			name = Release;
		};
/* End XCBuildConfiguration section */

/* Begin XCConfigurationList section */
		185804C71B34812000A3CF44 /* Build configuration list for PBXProject "Dragging" */ = {
			isa = XCConfigurationList;
			buildConfigurations = (
				185804E91B34812000A3CF44 /* Debug */,
				185804EA1B34812000A3CF44 /* Release */,
			);
			defaultConfigurationIsVisible = 0;
			defaultConfigurationName = Release;
		};
		185804EB1B34812000A3CF44 /* Build configuration list for PBXNativeTarget "Dragging" */ = {
			isa = XCConfigurationList;
			buildConfigurations = (
				185804EC1B34812000A3CF44 /* Debug */,
				185804ED1B34812000A3CF44 /* Release */,
			);
			defaultConfigurationIsVisible = 0;
		};
		185804EE1B34812000A3CF44 /* Build configuration list for PBXNativeTarget "DraggingTests" */ = {
			isa = XCConfigurationList;
			buildConfigurations = (
				185804EF1B34812000A3CF44 /* Debug */,
				185804F01B34812000A3CF44 /* Release */,
			);
			defaultConfigurationIsVisible = 0;
		};
/* End XCConfigurationList section */
	};
	rootObject = 185804C41B34812000A3CF44 /* Project object */;
}
